// !$*UTF8*$!
{
	archiveVersion = 1;
	classes = {
	};
	objectVersion = 54;
	objects = {

/* Begin PBXBuildFile section */
		00E356F31AD99517003FC87E /* iTabletTests.m in Sources */ = {isa = PBXBuildFile; fileRef = 00E356F21AD99517003FC87E /* iTabletTests.m */; };
		0A33905628323ED70094AD2F /* libSupermap.a in Frameworks */ = {isa = PBXBuildFile; fileRef = 0AC8AF84280815BF00435541 /* libSupermap.a */; };
		0A33933D283386F90094AD2F /* SuperMap.bundle in Resources */ = {isa = PBXBuildFile; fileRef = 0A33933C283386F90094AD2F /* SuperMap.bundle */; };
		0AC8AEF92808109F00435541 /* libWeChatSDK.a in Frameworks */ = {isa = PBXBuildFile; fileRef = 0AC8AE6A2808109D00435541 /* libWeChatSDK.a */; };
		0AC8AEFA2808109F00435541 /* AppUtils.m in Sources */ = {isa = PBXBuildFile; fileRef = 0AC8AE6C2808109E00435541 /* AppUtils.m */; };
		0AC8AEFC2808109F00435541 /* WeiXinUtils.m in Sources */ = {isa = PBXBuildFile; fileRef = 0AC8AE6F2808109E00435541 /* WeiXinUtils.m */; };
		0AC8AEFF2808109F00435541 /* MyLaunchScreenViewController.m in Sources */ = {isa = PBXBuildFile; fileRef = 0AC8AE7B2808109E00435541 /* MyLaunchScreenViewController.m */; };
		0AC8AF002808109F00435541 /* MyLaunchScreen.storyboard in Resources */ = {isa = PBXBuildFile; fileRef = 0AC8AE7C2808109E00435541 /* MyLaunchScreen.storyboard */; };
		0AC8AF012808109F00435541 /* NativeMethod.m in Sources */ = {isa = PBXBuildFile; fileRef = 0AC8AE7F2808109E00435541 /* NativeMethod.m */; };
		0AC8AF022808109F00435541 /* Images.zip in Resources */ = {isa = PBXBuildFile; fileRef = 0AC8AE822808109E00435541 /* Images.zip */; };
		0AC8AF032808109F00435541 /* icon.png in Resources */ = {isa = PBXBuildFile; fileRef = 0AC8AE832808109E00435541 /* icon.png */; };
		0AC8AF042808109F00435541 /* launch_slogan_en.png in Resources */ = {isa = PBXBuildFile; fileRef = 0AC8AE842808109E00435541 /* launch_slogan_en.png */; };
		0AC8AF052808109F00435541 /* Template.zip in Resources */ = {isa = PBXBuildFile; fileRef = 0AC8AE852808109E00435541 /* Template.zip */; };
		0AC8AF062808109F00435541 /* launch_slogan_cn.png in Resources */ = {isa = PBXBuildFile; fileRef = 0AC8AE862808109E00435541 /* launch_slogan_cn.png */; };
		0AC8AF072808109F00435541 /* Workspace.zip in Resources */ = {isa = PBXBuildFile; fileRef = 0AC8AE872808109E00435541 /* Workspace.zip */; };
		0AC8AF092808109F00435541 /* python2.7.zip in Resources */ = {isa = PBXBuildFile; fileRef = 0AC8AE892808109E00435541 /* python2.7.zip */; };
		0AC8AF642808109F00435541 /* logo.png in Resources */ = {isa = PBXBuildFile; fileRef = 0AC8AEE52808109F00435541 /* logo.png */; };
		0AC8AF742808109F00435541 /* resources.bundle in Resources */ = {isa = PBXBuildFile; fileRef = 0AC8AEF72808109F00435541 /* resources.bundle */; };
		0AC8AF752808109F00435541 /* PlotLibData.zip in Resources */ = {isa = PBXBuildFile; fileRef = 0AC8AEF82808109F00435541 /* PlotLibData.zip */; };
		0AC8AF78280810BF00435541 /* LaunchScreen.xib in Resources */ = {isa = PBXBuildFile; fileRef = 0AC8AF76280810BF00435541 /* LaunchScreen.xib */; };
		0AC8AF86280816AB00435541 /* Accelerate.framework in Frameworks */ = {isa = PBXBuildFile; fileRef = 0AC8AF85280816AB00435541 /* Accelerate.framework */; };
		0AC8AF88280816B100435541 /* AddressBook.framework in Frameworks */ = {isa = PBXBuildFile; fileRef = 0AC8AF87280816B100435541 /* AddressBook.framework */; };
		0AC8AF8A280816B900435541 /* AudioToolbox.framework in Frameworks */ = {isa = PBXBuildFile; fileRef = 0AC8AF89280816B900435541 /* AudioToolbox.framework */; };
		0AC8AF8C280816BF00435541 /* AVFoundation.framework in Frameworks */ = {isa = PBXBuildFile; fileRef = 0AC8AF8B280816BF00435541 /* AVFoundation.framework */; };
		0AC8AF8E280816C700435541 /* CFNetwork.framework in Frameworks */ = {isa = PBXBuildFile; fileRef = 0AC8AF8D280816C700435541 /* CFNetwork.framework */; };
		0AC8AF942808175000435541 /* Contacts.framework in Frameworks */ = {isa = PBXBuildFile; fileRef = 0AC8AF932808175000435541 /* Contacts.framework */; };
		0AC8AF962808175700435541 /* CoreFoundation.framework in Frameworks */ = {isa = PBXBuildFile; fileRef = 0AC8AF952808175700435541 /* CoreFoundation.framework */; };
		0AC8AF982808176000435541 /* CoreGraphics.framework in Frameworks */ = {isa = PBXBuildFile; fileRef = 0AC8AF972808176000435541 /* CoreGraphics.framework */; };
		0AC8AF9A2808176900435541 /* CoreLocation.framework in Frameworks */ = {isa = PBXBuildFile; fileRef = 0AC8AF992808176900435541 /* CoreLocation.framework */; };
		0AC8AF9D2808177400435541 /* CoreTelephony.framework in Frameworks */ = {isa = PBXBuildFile; fileRef = 0AC8AF9B2808177400435541 /* CoreTelephony.framework */; };
		0AC8AF9E2808177400435541 /* CoreText.framework in Frameworks */ = {isa = PBXBuildFile; fileRef = 0AC8AF9C2808177400435541 /* CoreText.framework */; };
		0AC8AFA02808177E00435541 /* ExternalAccessory.framework in Frameworks */ = {isa = PBXBuildFile; fileRef = 0AC8AF9F2808177E00435541 /* ExternalAccessory.framework */; };
		0AC8AFA22808178700435541 /* Foundation.framework in Frameworks */ = {isa = PBXBuildFile; fileRef = 0AC8AFA12808178700435541 /* Foundation.framework */; };
		0AC8AFA4280817BA00435541 /* GLTFSceneKit.framework in Frameworks */ = {isa = PBXBuildFile; fileRef = 0AC8AFA3280817BA00435541 /* GLTFSceneKit.framework */; };
		0AC8AFA5280817BA00435541 /* GLTFSceneKit.framework in Embed Frameworks */ = {isa = PBXBuildFile; fileRef = 0AC8AFA3280817BA00435541 /* GLTFSceneKit.framework */; settings = {ATTRIBUTES = (CodeSignOnCopy, RemoveHeadersOnCopy, ); }; };
		0AC8AFAA280817C900435541 /* JavaScriptCore.framework in Frameworks */ = {isa = PBXBuildFile; fileRef = ED297162215061F000B7C4FE /* JavaScriptCore.framework */; };
		0AC8AFBC2808186400435541 /* libSocketRocket.a in Frameworks */ = {isa = PBXBuildFile; fileRef = 0AC8AFBB2808185D00435541 /* libSocketRocket.a */; };
		0AC8AFBD2808186400435541 /* libCorePlot.a in Frameworks */ = {isa = PBXBuildFile; fileRef = 0AC8AFB82808185D00435541 /* libCorePlot.a */; };
		0AC8AFBE2808186400435541 /* libAsHttpRequest.a in Frameworks */ = {isa = PBXBuildFile; fileRef = 0AC8AFB92808185D00435541 /* libAsHttpRequest.a */; };
		0AC8AFBF2808186400435541 /* libflyMSC.a in Frameworks */ = {isa = PBXBuildFile; fileRef = 0AC8AFBA2808185D00435541 /* libflyMSC.a */; };
		0AC8AFC12808188400435541 /* libbz2.tbd in Frameworks */ = {isa = PBXBuildFile; fileRef = 0AC8AFC02808187300435541 /* libbz2.tbd */; };
		0AC8AFC32808189500435541 /* libc++.1.tbd in Frameworks */ = {isa = PBXBuildFile; fileRef = 0AC8AFC22808188C00435541 /* libc++.1.tbd */; };
		0AC8AFC5280818AD00435541 /* libiconv.2.4.0.tbd in Frameworks */ = {isa = PBXBuildFile; fileRef = 0AC8AFC4280818A600435541 /* libiconv.2.4.0.tbd */; };
		0AC8AFC7280818C600435541 /* libicucore.A.tbd in Frameworks */ = {isa = PBXBuildFile; fileRef = 0AC8AFC6280818C300435541 /* libicucore.A.tbd */; };
		0AC8AFCA2808190100435541 /* libresolv.tbd in Frameworks */ = {isa = PBXBuildFile; fileRef = 0AC8AFC9280818FD00435541 /* libresolv.tbd */; };
		0AC8AFCD2808191A00435541 /* libsqlite3.0.tbd in Frameworks */ = {isa = PBXBuildFile; fileRef = 0AC8AFCB2808191200435541 /* libsqlite3.0.tbd */; };
		0AC8AFCE2808191A00435541 /* libsqlite3.tbd in Frameworks */ = {isa = PBXBuildFile; fileRef = 0AC8AFCC2808191300435541 /* libsqlite3.tbd */; };
		0AC8AFD22808194600435541 /* libxml2.tbd in Frameworks */ = {isa = PBXBuildFile; fileRef = 0AC8AFD12808193B00435541 /* libxml2.tbd */; };
		0AC8AFD42808195200435541 /* libz.tbd in Frameworks */ = {isa = PBXBuildFile; fileRef = 0AC8AFD32808194D00435541 /* libz.tbd */; };
		0AC8AFD62808196900435541 /* MediaPlayer.framework in Frameworks */ = {isa = PBXBuildFile; fileRef = 0AC8AFD52808196800435541 /* MediaPlayer.framework */; };
		0AC8AFD82808197D00435541 /* MobileCoreServices.framework in Frameworks */ = {isa = PBXBuildFile; fileRef = 0AC8AFD72808197D00435541 /* MobileCoreServices.framework */; };
		0AC8AFDA2808199100435541 /* QuartzCore.framework in Frameworks */ = {isa = PBXBuildFile; fileRef = 0AC8AFD92808199100435541 /* QuartzCore.framework */; };
		0AC8AFDB280819A100435541 /* QuartzCore.framework in Frameworks */ = {isa = PBXBuildFile; fileRef = 0AC8AFD92808199100435541 /* QuartzCore.framework */; };
		0AC8AFE0280819F000435541 /* Security.framework in Frameworks */ = {isa = PBXBuildFile; fileRef = 0AC8AFDF280819F000435541 /* Security.framework */; };
		0AC8AFE2280819F700435541 /* SystemConfiguration.framework in Frameworks */ = {isa = PBXBuildFile; fileRef = 0AC8AFE1280819F700435541 /* SystemConfiguration.framework */; };
		0AC8AFE4280819FE00435541 /* UIKit.framework in Frameworks */ = {isa = PBXBuildFile; fileRef = 0AC8AFE3280819FE00435541 /* UIKit.framework */; };
		0AC8AFE628081A0600435541 /* UserNotifications.framework in Frameworks */ = {isa = PBXBuildFile; fileRef = 0AC8AFE528081A0600435541 /* UserNotifications.framework */; };
		0AC8AFEB28082C4700435541 /* libstdc++.6.0.9.tbd in Frameworks */ = {isa = PBXBuildFile; fileRef = 0AC8AFEA28082C4000435541 /* libstdc++.6.0.9.tbd */; };
		0AC8AFEC28082D9E00435541 /* JRE.framework in Frameworks */ = {isa = PBXBuildFile; fileRef = 0AC8AFB12808180800435541 /* JRE.framework */; };
		0AF8516E2832379100287BA5 /* SuperMap.framework in Frameworks */ = {isa = PBXBuildFile; fileRef = 0AC8AFA7280817BE00435541 /* SuperMap.framework */; };
		13B07FBC1A68108700A75B9A /* AppDelegate.m in Sources */ = {isa = PBXBuildFile; fileRef = 13B07FB01A68108700A75B9A /* AppDelegate.m */; };
		13B07FBF1A68108700A75B9A /* Images.xcassets in Resources */ = {isa = PBXBuildFile; fileRef = 13B07FB51A68108700A75B9A /* Images.xcassets */; };
		13B07FC11A68108700A75B9A /* main.m in Sources */ = {isa = PBXBuildFile; fileRef = 13B07FB71A68108700A75B9A /* main.m */; };
		4E28CE9128378DEA0045CB07 /* left_arrow.png in Resources */ = {isa = PBXBuildFile; fileRef = 4E28CE8C28378DEA0045CB07 /* left_arrow.png */; };
		4E28CE9228378DEA0045CB07 /* ARWebView.xib in Resources */ = {isa = PBXBuildFile; fileRef = 4E28CE8F28378DEA0045CB07 /* ARWebView.xib */; };
		4E28CE9328378DEA0045CB07 /* publicMap.txt in Resources */ = {isa = PBXBuildFile; fileRef = 4E28CE9028378DEA0045CB07 /* publicMap.txt */; };
		4E28CE9528378DFD0045CB07 /* PIL in Resources */ = {isa = PBXBuildFile; fileRef = 4E28CE9428378DFD0045CB07 /* PIL */; };
		5B78CC2D3FD5CC5131E4B19E /* libPods-iTablet.a in Frameworks */ = {isa = PBXBuildFile; fileRef = AC3F32E8BC920E9C5FE77F2B /* libPods-iTablet.a */; };
		650BA19828C9DFB600246390 /* ARVideoView.xib in Resources */ = {isa = PBXBuildFile; fileRef = 650BA19728C9DFB600246390 /* ARVideoView.xib */; };
		6547809B28A1FF8400C044DA /* SuperMapAR.bundle in Resources */ = {isa = PBXBuildFile; fileRef = 6547809A28A1FF8400C044DA /* SuperMapAR.bundle */; };
		6547809E28A2020600C044DA /* tab_icon_close.png in Resources */ = {isa = PBXBuildFile; fileRef = 6547809D28A2020600C044DA /* tab_icon_close.png */; };
		65B76A7E289D0E62001888E6 /* ARListView.xib in Resources */ = {isa = PBXBuildFile; fileRef = 65B76A7D289D0E62001888E6 /* ARListView.xib */; };
		65CDD18D28A4F53400B5A2C8 /* tab_icon_close01.png in Resources */ = {isa = PBXBuildFile; fileRef = 65CDD18A28A4F53400B5A2C8 /* tab_icon_close01.png */; };
		65CDD18E28A4F53400B5A2C8 /* tab_icon_back.png in Resources */ = {isa = PBXBuildFile; fileRef = 65CDD18C28A4F53400B5A2C8 /* tab_icon_back.png */; };
		65CDD19028A4F6CD00B5A2C8 /* btn_toolbar_bg.png in Resources */ = {isa = PBXBuildFile; fileRef = 65CDD18F28A4F6CC00B5A2C8 /* btn_toolbar_bg.png */; };
		65CDD19528A4F99000B5A2C8 /* icon_tool_next.png in Resources */ = {isa = PBXBuildFile; fileRef = 65CDD19128A4F98F00B5A2C8 /* icon_tool_next.png */; };
		65CDD19628A4F99000B5A2C8 /* icon_tool_pause.png in Resources */ = {isa = PBXBuildFile; fileRef = 65CDD19228A4F99000B5A2C8 /* icon_tool_pause.png */; };
		65CDD19728A4F99000B5A2C8 /* icon_tool_previous.png in Resources */ = {isa = PBXBuildFile; fileRef = 65CDD19328A4F99000B5A2C8 /* icon_tool_previous.png */; };
		65CDD19828A4F99000B5A2C8 /* icon_tool_play.png in Resources */ = {isa = PBXBuildFile; fileRef = 65CDD19428A4F99000B5A2C8 /* icon_tool_play.png */; };
		65D43B92288E759D00C3391B /* ARImageView.xib in Resources */ = {isa = PBXBuildFile; fileRef = 65D43B91288E759D00C3391B /* ARImageView.xib */; };
		81AB9BB82411601600AC10FF /* LaunchScreen.storyboard in Resources */ = {isa = PBXBuildFile; fileRef = 81AB9BB72411601600AC10FF /* LaunchScreen.storyboard */; };
		E13A5CAC28752B6B004DFA1E /* InfoPlist.strings in Resources */ = {isa = PBXBuildFile; fileRef = E13A5CAE28752B6C004DFA1E /* InfoPlist.strings */; };
		E13A5CB128752BFC004DFA1E /* InfoPlist.strings in Resources */ = {isa = PBXBuildFile; fileRef = E13A5CB328752BFC004DFA1E /* InfoPlist.strings */; };
		E19F41DB28925CE7007B04D6 /* JKVValue.framework in Frameworks */ = {isa = PBXBuildFile; fileRef = E19F41D628925C9D007B04D6 /* JKVValue.framework */; };
		E19F41DC28925CE7007B04D6 /* JKVValue.framework in Embed Frameworks */ = {isa = PBXBuildFile; fileRef = E19F41D628925C9D007B04D6 /* JKVValue.framework */; settings = {ATTRIBUTES = (CodeSignOnCopy, RemoveHeadersOnCopy, ); }; };
		E19F41DF28925D66007B04D6 /* RMQClient.framework in Frameworks */ = {isa = PBXBuildFile; fileRef = E19F41DD28925D44007B04D6 /* RMQClient.framework */; };
		E19F41E028925D66007B04D6 /* RMQClient.framework in Embed Frameworks */ = {isa = PBXBuildFile; fileRef = E19F41DD28925D44007B04D6 /* RMQClient.framework */; settings = {ATTRIBUTES = (CodeSignOnCopy, RemoveHeadersOnCopy, ); }; };
		E19F41E128925D6B007B04D6 /* ZipArchive.framework in Frameworks */ = {isa = PBXBuildFile; fileRef = E19F41D528925C9D007B04D6 /* ZipArchive.framework */; };
		E19F41E228925D6B007B04D6 /* ZipArchive.framework in Embed Frameworks */ = {isa = PBXBuildFile; fileRef = E19F41D528925C9D007B04D6 /* ZipArchive.framework */; settings = {ATTRIBUTES = (CodeSignOnCopy, RemoveHeadersOnCopy, ); }; };
		E19F41E328925D7B007B04D6 /* CocoaAsyncSocket.framework in Frameworks */ = {isa = PBXBuildFile; fileRef = E19F41D328925C9D007B04D6 /* CocoaAsyncSocket.framework */; };
		E19F41E428925D7B007B04D6 /* CocoaAsyncSocket.framework in Embed Frameworks */ = {isa = PBXBuildFile; fileRef = E19F41D328925C9D007B04D6 /* CocoaAsyncSocket.framework */; settings = {ATTRIBUTES = (CodeSignOnCopy, RemoveHeadersOnCopy, ); }; };
		E565E980286303CF007797E3 /* SegmenationFree-Inception.caffemodel in Resources */ = {isa = PBXBuildFile; fileRef = E565E977286303CF007797E3 /* SegmenationFree-Inception.caffemodel */; };
		E565E981286303CF007797E3 /* SegmenationFree-Inception.prototxt in Resources */ = {isa = PBXBuildFile; fileRef = E565E978286303CF007797E3 /* SegmenationFree-Inception.prototxt */; };
		E565E982286303CF007797E3 /* HorizonalFinemapping.caffemodel in Resources */ = {isa = PBXBuildFile; fileRef = E565E979286303CF007797E3 /* HorizonalFinemapping.caffemodel */; };
		E565E983286303CF007797E3 /* CharacterRecognization.caffemodel in Resources */ = {isa = PBXBuildFile; fileRef = E565E97A286303CF007797E3 /* CharacterRecognization.caffemodel */; };
		E565E984286303CF007797E3 /* cascade.xml in Resources */ = {isa = PBXBuildFile; fileRef = E565E97B286303CF007797E3 /* cascade.xml */; };
		E565E985286303CF007797E3 /* Segmentation.prototxt in Resources */ = {isa = PBXBuildFile; fileRef = E565E97C286303CF007797E3 /* Segmentation.prototxt */; };
		E565E986286303CF007797E3 /* HorizonalFinemapping.prototxt in Resources */ = {isa = PBXBuildFile; fileRef = E565E97D286303CF007797E3 /* HorizonalFinemapping.prototxt */; };
		E565E987286303CF007797E3 /* Segmentation.caffemodel in Resources */ = {isa = PBXBuildFile; fileRef = E565E97E286303CF007797E3 /* Segmentation.caffemodel */; };
		E565E988286303CF007797E3 /* CharacterRecognization.prototxt in Resources */ = {isa = PBXBuildFile; fileRef = E565E97F286303CF007797E3 /* CharacterRecognization.prototxt */; };
		E565E990286309A5007797E3 /* mobilenet_quant_224.tflite in Resources */ = {isa = PBXBuildFile; fileRef = E565E98A286309A5007797E3 /* mobilenet_quant_224.tflite */; };
		E565E991286309A5007797E3 /* labelmap_cn.txt in Resources */ = {isa = PBXBuildFile; fileRef = E565E98B286309A5007797E3 /* labelmap_cn.txt */; };
		E565E992286309A5007797E3 /* mobilenet_quant_224_cn.txt in Resources */ = {isa = PBXBuildFile; fileRef = E565E98C286309A5007797E3 /* mobilenet_quant_224_cn.txt */; };
		E565E993286309A5007797E3 /* mobilenet_quant_224.txt in Resources */ = {isa = PBXBuildFile; fileRef = E565E98D286309A5007797E3 /* mobilenet_quant_224.txt */; };
		E565E994286309A5007797E3 /* labelmap.txt in Resources */ = {isa = PBXBuildFile; fileRef = E565E98E286309A5007797E3 /* labelmap.txt */; };
		E565E995286309A5007797E3 /* detect.tflite in Resources */ = {isa = PBXBuildFile; fileRef = E565E98F286309A5007797E3 /* detect.tflite */; };
/* End PBXBuildFile section */

/* Begin PBXContainerItemProxy section */
		00E356F41AD99517003FC87E /* PBXContainerItemProxy */ = {
			isa = PBXContainerItemProxy;
			containerPortal = 83CBB9F71A601CBA00E9B192 /* Project object */;
			proxyType = 1;
			remoteGlobalIDString = 13B07F861A680F5B00A75B9A;
			remoteInfo = iTablet;
		};
		0AC8AF83280815BF00435541 /* PBXContainerItemProxy */ = {
			isa = PBXContainerItemProxy;
			containerPortal = 0AC8AF7F280815BF00435541 /* Supermap.xcodeproj */;
			proxyType = 2;
			remoteGlobalIDString = 134814201AA4EA6300B7C361;
			remoteInfo = Supermap;
		};
		47ABE6AA28659DB200770561 /* PBXContainerItemProxy */ = {
			isa = PBXContainerItemProxy;
			containerPortal = 47ABE69F28659DB100770561 /* LibUGC.xcodeproj */;
			proxyType = 2;
			remoteGlobalIDString = FF34489A14EB99A700D8449F;
			remoteInfo = LibUGC;
		};
		47ABE6AC28659DB200770561 /* PBXContainerItemProxy */ = {
			isa = PBXContainerItemProxy;
			containerPortal = 47ABE69F28659DB100770561 /* LibUGC.xcodeproj */;
			proxyType = 2;
			remoteGlobalIDString = FF33B1A016F1978A00A19B73;
			remoteInfo = LibUGC_Base;
		};
		47ABE6AE28659DB200770561 /* PBXContainerItemProxy */ = {
			isa = PBXContainerItemProxy;
			containerPortal = 47ABE69F28659DB100770561 /* LibUGC.xcodeproj */;
			proxyType = 2;
			remoteGlobalIDString = FF33B46016F1A08700A19B73;
			remoteInfo = LibUGC_2D;
		};
		47ABE6B028659DB200770561 /* PBXContainerItemProxy */ = {
			isa = PBXContainerItemProxy;
			containerPortal = 47ABE69F28659DB100770561 /* LibUGC.xcodeproj */;
			proxyType = 2;
			remoteGlobalIDString = FF33B61816F1F4B100A19B73;
			remoteInfo = LibUGC_3D;
		};
		47ABE6B228659DB200770561 /* PBXContainerItemProxy */ = {
			isa = PBXContainerItemProxy;
			containerPortal = 47ABE69F28659DB100770561 /* LibUGC.xcodeproj */;
			proxyType = 2;
			remoteGlobalIDString = 03BDDAED1714098D003EC801;
			remoteInfo = Object_3D;
		};
		47ABE6B428659DB200770561 /* PBXContainerItemProxy */ = {
			isa = PBXContainerItemProxy;
			containerPortal = 47ABE69F28659DB100770561 /* LibUGC.xcodeproj */;
			proxyType = 2;
			remoteGlobalIDString = 00F6D375175F20A9008963A0;
			remoteInfo = Objects_iOS;
		};
		47ABE6B628659DB200770561 /* PBXContainerItemProxy */ = {
			isa = PBXContainerItemProxy;
			containerPortal = 47ABE69F28659DB100770561 /* LibUGC.xcodeproj */;
			proxyType = 2;
			remoteGlobalIDString = 005EF27D175F5F96005433E1;
			remoteInfo = Super23D;
		};
/* End PBXContainerItemProxy section */

/* Begin PBXCopyFilesBuildPhase section */
		0AC8AFA6280817BA00435541 /* Embed Frameworks */ = {
			isa = PBXCopyFilesBuildPhase;
			buildActionMask = 2147483647;
			dstPath = "";
			dstSubfolderSpec = 10;
			files = (
				E19F41DC28925CE7007B04D6 /* JKVValue.framework in Embed Frameworks */,
				E19F41E228925D6B007B04D6 /* ZipArchive.framework in Embed Frameworks */,
				E19F41E428925D7B007B04D6 /* CocoaAsyncSocket.framework in Embed Frameworks */,
				E19F41E028925D66007B04D6 /* RMQClient.framework in Embed Frameworks */,
				0AC8AFA5280817BA00435541 /* GLTFSceneKit.framework in Embed Frameworks */,
			);
			name = "Embed Frameworks";
			runOnlyForDeploymentPostprocessing = 0;
		};
		0AF85108282E594C00287BA5 /* CopyFiles */ = {
			isa = PBXCopyFilesBuildPhase;
			buildActionMask = 2147483647;
			dstPath = "";
			dstSubfolderSpec = 10;
			files = (
			);
			runOnlyForDeploymentPostprocessing = 0;
		};
/* End PBXCopyFilesBuildPhase section */

/* Begin PBXFileReference section */
		00E356EE1AD99517003FC87E /* iTabletTests.xctest */ = {isa = PBXFileReference; explicitFileType = wrapper.cfbundle; includeInIndex = 0; path = iTabletTests.xctest; sourceTree = BUILT_PRODUCTS_DIR; };
		00E356F11AD99517003FC87E /* Info.plist */ = {isa = PBXFileReference; lastKnownFileType = text.plist.xml; path = Info.plist; sourceTree = "<group>"; };
		00E356F21AD99517003FC87E /* iTabletTests.m */ = {isa = PBXFileReference; lastKnownFileType = sourcecode.c.objc; path = iTabletTests.m; sourceTree = "<group>"; };
		06FACE8019E26F0904A7ACC2 /* Pods-iTablet.release.xcconfig */ = {isa = PBXFileReference; includeInIndex = 1; lastKnownFileType = text.xcconfig; name = "Pods-iTablet.release.xcconfig"; path = "Target Support Files/Pods-iTablet/Pods-iTablet.release.xcconfig"; sourceTree = "<group>"; };
		0A33933C283386F90094AD2F /* SuperMap.bundle */ = {isa = PBXFileReference; lastKnownFileType = "wrapper.plug-in"; name = SuperMap.bundle; path = iPhoneOS.sdk/SuperMap.framework/Versions/A/Resources/SuperMap.bundle; sourceTree = "<group>"; };
		0AC8AE682808109D00435541 /* WXApi.h */ = {isa = PBXFileReference; fileEncoding = 4; lastKnownFileType = sourcecode.c.h; path = WXApi.h; sourceTree = "<group>"; };
		0AC8AE692808109D00435541 /* WXApiObject.h */ = {isa = PBXFileReference; fileEncoding = 4; lastKnownFileType = sourcecode.c.h; path = WXApiObject.h; sourceTree = "<group>"; };
		0AC8AE6A2808109D00435541 /* libWeChatSDK.a */ = {isa = PBXFileReference; lastKnownFileType = archive.ar; path = libWeChatSDK.a; sourceTree = "<group>"; };
		0AC8AE6C2808109E00435541 /* AppUtils.m */ = {isa = PBXFileReference; fileEncoding = 4; lastKnownFileType = sourcecode.c.objc; path = AppUtils.m; sourceTree = "<group>"; };
		0AC8AE6F2808109E00435541 /* WeiXinUtils.m */ = {isa = PBXFileReference; fileEncoding = 4; lastKnownFileType = sourcecode.c.objc; path = WeiXinUtils.m; sourceTree = "<group>"; };
		0AC8AE712808109E00435541 /* AppInfo.h */ = {isa = PBXFileReference; fileEncoding = 4; lastKnownFileType = sourcecode.c.h; path = AppInfo.h; sourceTree = "<group>"; };
		0AC8AE732808109E00435541 /* FileTools.h */ = {isa = PBXFileReference; fileEncoding = 4; lastKnownFileType = sourcecode.c.h; path = FileTools.h; sourceTree = "<group>"; };
		0AC8AE742808109E00435541 /* AppUtils.h */ = {isa = PBXFileReference; fileEncoding = 4; lastKnownFileType = sourcecode.c.h; path = AppUtils.h; sourceTree = "<group>"; };
		0AC8AE762808109E00435541 /* ConfigUtils.h */ = {isa = PBXFileReference; fileEncoding = 4; lastKnownFileType = sourcecode.c.h; path = ConfigUtils.h; sourceTree = "<group>"; };
		0AC8AE772808109E00435541 /* WeiXinUtils.h */ = {isa = PBXFileReference; fileEncoding = 4; lastKnownFileType = sourcecode.c.h; path = WeiXinUtils.h; sourceTree = "<group>"; };
		0AC8AE782808109E00435541 /* NativeUtil.h */ = {isa = PBXFileReference; fileEncoding = 4; lastKnownFileType = sourcecode.c.h; path = NativeUtil.h; sourceTree = "<group>"; };
		0AC8AE7B2808109E00435541 /* MyLaunchScreenViewController.m */ = {isa = PBXFileReference; fileEncoding = 4; lastKnownFileType = sourcecode.c.objc; path = MyLaunchScreenViewController.m; sourceTree = "<group>"; };
		0AC8AE7C2808109E00435541 /* MyLaunchScreen.storyboard */ = {isa = PBXFileReference; fileEncoding = 4; lastKnownFileType = file.storyboard; path = MyLaunchScreen.storyboard; sourceTree = "<group>"; };
		0AC8AE7D2808109E00435541 /* MyLaunchScreenViewController.h */ = {isa = PBXFileReference; fileEncoding = 4; lastKnownFileType = sourcecode.c.h; path = MyLaunchScreenViewController.h; sourceTree = "<group>"; };
		0AC8AE7F2808109E00435541 /* NativeMethod.m */ = {isa = PBXFileReference; fileEncoding = 4; lastKnownFileType = sourcecode.c.objc; path = NativeMethod.m; sourceTree = "<group>"; };
		0AC8AE802808109E00435541 /* NativeMethod.h */ = {isa = PBXFileReference; fileEncoding = 4; lastKnownFileType = sourcecode.c.h; path = NativeMethod.h; sourceTree = "<group>"; };
		0AC8AE822808109E00435541 /* Images.zip */ = {isa = PBXFileReference; lastKnownFileType = archive.zip; path = Images.zip; sourceTree = "<group>"; };
		0AC8AE832808109E00435541 /* icon.png */ = {isa = PBXFileReference; lastKnownFileType = image.png; path = icon.png; sourceTree = "<group>"; };
		0AC8AE842808109E00435541 /* launch_slogan_en.png */ = {isa = PBXFileReference; lastKnownFileType = image.png; path = launch_slogan_en.png; sourceTree = "<group>"; };
		0AC8AE852808109E00435541 /* Template.zip */ = {isa = PBXFileReference; lastKnownFileType = archive.zip; path = Template.zip; sourceTree = "<group>"; };
		0AC8AE862808109E00435541 /* launch_slogan_cn.png */ = {isa = PBXFileReference; lastKnownFileType = image.png; path = launch_slogan_cn.png; sourceTree = "<group>"; };
		0AC8AE872808109E00435541 /* Workspace.zip */ = {isa = PBXFileReference; lastKnownFileType = archive.zip; path = Workspace.zip; sourceTree = "<group>"; };
		0AC8AE892808109E00435541 /* python2.7.zip */ = {isa = PBXFileReference; lastKnownFileType = archive.zip; path = python2.7.zip; sourceTree = "<group>"; };
		0AC8AEE52808109F00435541 /* logo.png */ = {isa = PBXFileReference; lastKnownFileType = image.png; path = logo.png; sourceTree = "<group>"; };
		0AC8AEF72808109F00435541 /* resources.bundle */ = {isa = PBXFileReference; lastKnownFileType = "wrapper.plug-in"; path = resources.bundle; sourceTree = "<group>"; };
		0AC8AEF82808109F00435541 /* PlotLibData.zip */ = {isa = PBXFileReference; lastKnownFileType = archive.zip; path = PlotLibData.zip; sourceTree = "<group>"; };
		0AC8AF7F280815BF00435541 /* Supermap.xcodeproj */ = {isa = PBXFileReference; lastKnownFileType = "wrapper.pb-project"; name = Supermap.xcodeproj; path = ../node_modules/imobile_for_reactnative/ios/Supermap.xcodeproj; sourceTree = "<group>"; };
		0AC8AF85280816AB00435541 /* Accelerate.framework */ = {isa = PBXFileReference; lastKnownFileType = wrapper.framework; name = Accelerate.framework; path = System/Library/Frameworks/Accelerate.framework; sourceTree = SDKROOT; };
		0AC8AF87280816B100435541 /* AddressBook.framework */ = {isa = PBXFileReference; lastKnownFileType = wrapper.framework; name = AddressBook.framework; path = System/Library/Frameworks/AddressBook.framework; sourceTree = SDKROOT; };
		0AC8AF89280816B900435541 /* AudioToolbox.framework */ = {isa = PBXFileReference; lastKnownFileType = wrapper.framework; name = AudioToolbox.framework; path = System/Library/Frameworks/AudioToolbox.framework; sourceTree = SDKROOT; };
		0AC8AF8B280816BF00435541 /* AVFoundation.framework */ = {isa = PBXFileReference; lastKnownFileType = wrapper.framework; name = AVFoundation.framework; path = System/Library/Frameworks/AVFoundation.framework; sourceTree = SDKROOT; };
		0AC8AF8D280816C700435541 /* CFNetwork.framework */ = {isa = PBXFileReference; lastKnownFileType = wrapper.framework; name = CFNetwork.framework; path = System/Library/Frameworks/CFNetwork.framework; sourceTree = SDKROOT; };
		0AC8AF932808175000435541 /* Contacts.framework */ = {isa = PBXFileReference; lastKnownFileType = wrapper.framework; name = Contacts.framework; path = System/Library/Frameworks/Contacts.framework; sourceTree = SDKROOT; };
		0AC8AF952808175700435541 /* CoreFoundation.framework */ = {isa = PBXFileReference; lastKnownFileType = wrapper.framework; name = CoreFoundation.framework; path = System/Library/Frameworks/CoreFoundation.framework; sourceTree = SDKROOT; };
		0AC8AF972808176000435541 /* CoreGraphics.framework */ = {isa = PBXFileReference; lastKnownFileType = wrapper.framework; name = CoreGraphics.framework; path = System/Library/Frameworks/CoreGraphics.framework; sourceTree = SDKROOT; };
		0AC8AF992808176900435541 /* CoreLocation.framework */ = {isa = PBXFileReference; lastKnownFileType = wrapper.framework; name = CoreLocation.framework; path = System/Library/Frameworks/CoreLocation.framework; sourceTree = SDKROOT; };
		0AC8AF9B2808177400435541 /* CoreTelephony.framework */ = {isa = PBXFileReference; lastKnownFileType = wrapper.framework; name = CoreTelephony.framework; path = System/Library/Frameworks/CoreTelephony.framework; sourceTree = SDKROOT; };
		0AC8AF9C2808177400435541 /* CoreText.framework */ = {isa = PBXFileReference; lastKnownFileType = wrapper.framework; name = CoreText.framework; path = System/Library/Frameworks/CoreText.framework; sourceTree = SDKROOT; };
		0AC8AF9F2808177E00435541 /* ExternalAccessory.framework */ = {isa = PBXFileReference; lastKnownFileType = wrapper.framework; name = ExternalAccessory.framework; path = System/Library/Frameworks/ExternalAccessory.framework; sourceTree = SDKROOT; };
		0AC8AFA12808178700435541 /* Foundation.framework */ = {isa = PBXFileReference; lastKnownFileType = wrapper.framework; name = Foundation.framework; path = System/Library/Frameworks/Foundation.framework; sourceTree = SDKROOT; };
		0AC8AFA3280817BA00435541 /* GLTFSceneKit.framework */ = {isa = PBXFileReference; lastKnownFileType = wrapper.framework; name = GLTFSceneKit.framework; path = iPhoneOS.sdk/GLTFSceneKit.framework; sourceTree = "<group>"; };
		0AC8AFA7280817BE00435541 /* SuperMap.framework */ = {isa = PBXFileReference; lastKnownFileType = wrapper.framework; name = SuperMap.framework; path = iPhoneOS.sdk/SuperMap.framework; sourceTree = "<group>"; };
		0AC8AFB12808180800435541 /* JRE.framework */ = {isa = PBXFileReference; lastKnownFileType = wrapper.framework; name = JRE.framework; path = iPhoneOS.sdk/JRE.framework; sourceTree = "<group>"; };
		0AC8AFB82808185D00435541 /* libCorePlot.a */ = {isa = PBXFileReference; lastKnownFileType = archive.ar; name = libCorePlot.a; path = iPhoneOS.sdk/SuperMap.framework/Versions/A/Resources/ThirdLib/libCorePlot.a; sourceTree = "<group>"; };
		0AC8AFB92808185D00435541 /* libAsHttpRequest.a */ = {isa = PBXFileReference; lastKnownFileType = archive.ar; name = libAsHttpRequest.a; path = iPhoneOS.sdk/SuperMap.framework/Versions/A/Resources/ThirdLib/libAsHttpRequest.a; sourceTree = "<group>"; };
		0AC8AFBA2808185D00435541 /* libflyMSC.a */ = {isa = PBXFileReference; lastKnownFileType = archive.ar; name = libflyMSC.a; path = iPhoneOS.sdk/SuperMap.framework/Versions/A/Resources/ThirdLib/libflyMSC.a; sourceTree = "<group>"; };
		0AC8AFBB2808185D00435541 /* libSocketRocket.a */ = {isa = PBXFileReference; lastKnownFileType = archive.ar; name = libSocketRocket.a; path = iPhoneOS.sdk/SuperMap.framework/Versions/A/Resources/ThirdLib/libSocketRocket.a; sourceTree = "<group>"; };
		0AC8AFC02808187300435541 /* libbz2.tbd */ = {isa = PBXFileReference; lastKnownFileType = "sourcecode.text-based-dylib-definition"; name = libbz2.tbd; path = usr/lib/libbz2.tbd; sourceTree = SDKROOT; };
		0AC8AFC22808188C00435541 /* libc++.1.tbd */ = {isa = PBXFileReference; lastKnownFileType = "sourcecode.text-based-dylib-definition"; name = "libc++.1.tbd"; path = "usr/lib/libc++.1.tbd"; sourceTree = SDKROOT; };
		0AC8AFC4280818A600435541 /* libiconv.2.4.0.tbd */ = {isa = PBXFileReference; lastKnownFileType = "sourcecode.text-based-dylib-definition"; name = libiconv.2.4.0.tbd; path = usr/lib/libiconv.2.4.0.tbd; sourceTree = SDKROOT; };
		0AC8AFC6280818C300435541 /* libicucore.A.tbd */ = {isa = PBXFileReference; lastKnownFileType = "sourcecode.text-based-dylib-definition"; name = libicucore.A.tbd; path = usr/lib/libicucore.A.tbd; sourceTree = SDKROOT; };
		0AC8AFC9280818FD00435541 /* libresolv.tbd */ = {isa = PBXFileReference; lastKnownFileType = "sourcecode.text-based-dylib-definition"; name = libresolv.tbd; path = usr/lib/libresolv.tbd; sourceTree = SDKROOT; };
		0AC8AFCB2808191200435541 /* libsqlite3.0.tbd */ = {isa = PBXFileReference; lastKnownFileType = "sourcecode.text-based-dylib-definition"; name = libsqlite3.0.tbd; path = usr/lib/libsqlite3.0.tbd; sourceTree = SDKROOT; };
		0AC8AFCC2808191300435541 /* libsqlite3.tbd */ = {isa = PBXFileReference; lastKnownFileType = "sourcecode.text-based-dylib-definition"; name = libsqlite3.tbd; path = usr/lib/libsqlite3.tbd; sourceTree = SDKROOT; };
		0AC8AFD02808193400435541 /* libxml2.2.tbd */ = {isa = PBXFileReference; lastKnownFileType = "sourcecode.text-based-dylib-definition"; name = libxml2.2.tbd; path = usr/lib/libxml2.2.tbd; sourceTree = SDKROOT; };
		0AC8AFD12808193B00435541 /* libxml2.tbd */ = {isa = PBXFileReference; lastKnownFileType = "sourcecode.text-based-dylib-definition"; name = libxml2.tbd; path = usr/lib/libxml2.tbd; sourceTree = SDKROOT; };
		0AC8AFD32808194D00435541 /* libz.tbd */ = {isa = PBXFileReference; lastKnownFileType = "sourcecode.text-based-dylib-definition"; name = libz.tbd; path = usr/lib/libz.tbd; sourceTree = SDKROOT; };
		0AC8AFD52808196800435541 /* MediaPlayer.framework */ = {isa = PBXFileReference; lastKnownFileType = wrapper.framework; name = MediaPlayer.framework; path = System/Library/Frameworks/MediaPlayer.framework; sourceTree = SDKROOT; };
		0AC8AFD72808197D00435541 /* MobileCoreServices.framework */ = {isa = PBXFileReference; lastKnownFileType = wrapper.framework; name = MobileCoreServices.framework; path = System/Library/Frameworks/MobileCoreServices.framework; sourceTree = SDKROOT; };
		0AC8AFD92808199100435541 /* QuartzCore.framework */ = {isa = PBXFileReference; lastKnownFileType = wrapper.framework; name = QuartzCore.framework; path = System/Library/Frameworks/QuartzCore.framework; sourceTree = SDKROOT; };
		0AC8AFDF280819F000435541 /* Security.framework */ = {isa = PBXFileReference; lastKnownFileType = wrapper.framework; name = Security.framework; path = System/Library/Frameworks/Security.framework; sourceTree = SDKROOT; };
		0AC8AFE1280819F700435541 /* SystemConfiguration.framework */ = {isa = PBXFileReference; lastKnownFileType = wrapper.framework; name = SystemConfiguration.framework; path = System/Library/Frameworks/SystemConfiguration.framework; sourceTree = SDKROOT; };
		0AC8AFE3280819FE00435541 /* UIKit.framework */ = {isa = PBXFileReference; lastKnownFileType = wrapper.framework; name = UIKit.framework; path = System/Library/Frameworks/UIKit.framework; sourceTree = SDKROOT; };
		0AC8AFE528081A0600435541 /* UserNotifications.framework */ = {isa = PBXFileReference; lastKnownFileType = wrapper.framework; name = UserNotifications.framework; path = System/Library/Frameworks/UserNotifications.framework; sourceTree = SDKROOT; };
		0AC8AFEA28082C4000435541 /* libstdc++.6.0.9.tbd */ = {isa = PBXFileReference; lastKnownFileType = "sourcecode.text-based-dylib-definition"; name = "libstdc++.6.0.9.tbd"; path = "iPhoneOS/libstdc++.6.0.9.tbd"; sourceTree = "<group>"; };
		0AF851192831DB6800287BA5 /* iTablet-Bridging-Header.h */ = {isa = PBXFileReference; lastKnownFileType = sourcecode.c.h; path = "iTablet-Bridging-Header.h"; sourceTree = "<group>"; };
		13B07F961A680F5B00A75B9A /* SuperMap iTablet.app */ = {isa = PBXFileReference; explicitFileType = wrapper.application; includeInIndex = 0; path = "SuperMap iTablet.app"; sourceTree = BUILT_PRODUCTS_DIR; };
		13B07FAF1A68108700A75B9A /* AppDelegate.h */ = {isa = PBXFileReference; fileEncoding = 4; lastKnownFileType = sourcecode.c.h; name = AppDelegate.h; path = iTablet/AppDelegate.h; sourceTree = "<group>"; };
		13B07FB01A68108700A75B9A /* AppDelegate.m */ = {isa = PBXFileReference; fileEncoding = 4; lastKnownFileType = sourcecode.c.objc; name = AppDelegate.m; path = iTablet/AppDelegate.m; sourceTree = "<group>"; };
		13B07FB51A68108700A75B9A /* Images.xcassets */ = {isa = PBXFileReference; lastKnownFileType = folder.assetcatalog; name = Images.xcassets; path = iTablet/Images.xcassets; sourceTree = "<group>"; };
		13B07FB61A68108700A75B9A /* Info.plist */ = {isa = PBXFileReference; fileEncoding = 4; lastKnownFileType = text.plist.xml; name = Info.plist; path = iTablet/Info.plist; sourceTree = "<group>"; };
		13B07FB71A68108700A75B9A /* main.m */ = {isa = PBXFileReference; fileEncoding = 4; lastKnownFileType = sourcecode.c.objc; name = main.m; path = iTablet/main.m; sourceTree = "<group>"; };
		47ABE69F28659DB100770561 /* LibUGC.xcodeproj */ = {isa = PBXFileReference; lastKnownFileType = "wrapper.pb-project"; name = LibUGC.xcodeproj; path = ../../../../../../Volumes/System2/Users/001_supermap/Documents/code/sourceCode/UGC/Builds/64_arm_iphone/LibUGC/LibUGC.xcodeproj; sourceTree = "<group>"; };
		4E28CE8C28378DEA0045CB07 /* left_arrow.png */ = {isa = PBXFileReference; lastKnownFileType = image.png; path = left_arrow.png; sourceTree = "<group>"; };
		4E28CE8F28378DEA0045CB07 /* ARWebView.xib */ = {isa = PBXFileReference; fileEncoding = 4; lastKnownFileType = file.xib; path = ARWebView.xib; sourceTree = "<group>"; };
		4E28CE9028378DEA0045CB07 /* publicMap.txt */ = {isa = PBXFileReference; fileEncoding = 4; lastKnownFileType = text; path = publicMap.txt; sourceTree = "<group>"; };
		4E28CE9428378DFD0045CB07 /* PIL */ = {isa = PBXFileReference; lastKnownFileType = folder; path = PIL; sourceTree = "<group>"; };
		650BA19728C9DFB600246390 /* ARVideoView.xib */ = {isa = PBXFileReference; lastKnownFileType = file.xib; path = ARVideoView.xib; sourceTree = "<group>"; };
		6547809A28A1FF8400C044DA /* SuperMapAR.bundle */ = {isa = PBXFileReference; lastKnownFileType = "wrapper.plug-in"; path = SuperMapAR.bundle; sourceTree = "<group>"; };
		6547809D28A2020600C044DA /* tab_icon_close.png */ = {isa = PBXFileReference; lastKnownFileType = image.png; path = tab_icon_close.png; sourceTree = "<group>"; };
		65B76A7D289D0E62001888E6 /* ARListView.xib */ = {isa = PBXFileReference; lastKnownFileType = file.xib; path = ARListView.xib; sourceTree = "<group>"; };
		65CDD18A28A4F53400B5A2C8 /* tab_icon_close01.png */ = {isa = PBXFileReference; lastKnownFileType = image.png; path = tab_icon_close01.png; sourceTree = "<group>"; };
		65CDD18C28A4F53400B5A2C8 /* tab_icon_back.png */ = {isa = PBXFileReference; lastKnownFileType = image.png; path = tab_icon_back.png; sourceTree = "<group>"; };
		65CDD18F28A4F6CC00B5A2C8 /* btn_toolbar_bg.png */ = {isa = PBXFileReference; lastKnownFileType = image.png; path = btn_toolbar_bg.png; sourceTree = "<group>"; };
		65CDD19128A4F98F00B5A2C8 /* icon_tool_next.png */ = {isa = PBXFileReference; lastKnownFileType = image.png; path = icon_tool_next.png; sourceTree = "<group>"; };
		65CDD19228A4F99000B5A2C8 /* icon_tool_pause.png */ = {isa = PBXFileReference; lastKnownFileType = image.png; path = icon_tool_pause.png; sourceTree = "<group>"; };
		65CDD19328A4F99000B5A2C8 /* icon_tool_previous.png */ = {isa = PBXFileReference; lastKnownFileType = image.png; path = icon_tool_previous.png; sourceTree = "<group>"; };
		65CDD19428A4F99000B5A2C8 /* icon_tool_play.png */ = {isa = PBXFileReference; lastKnownFileType = image.png; path = icon_tool_play.png; sourceTree = "<group>"; };
		65D43B91288E759D00C3391B /* ARImageView.xib */ = {isa = PBXFileReference; lastKnownFileType = file.xib; path = ARImageView.xib; sourceTree = "<group>"; };
		81AB9BB72411601600AC10FF /* LaunchScreen.storyboard */ = {isa = PBXFileReference; fileEncoding = 4; lastKnownFileType = file.storyboard; name = LaunchScreen.storyboard; path = iTablet/LaunchScreen.storyboard; sourceTree = "<group>"; };
		AC3F32E8BC920E9C5FE77F2B /* libPods-iTablet.a */ = {isa = PBXFileReference; explicitFileType = archive.ar; includeInIndex = 0; path = "libPods-iTablet.a"; sourceTree = BUILT_PRODUCTS_DIR; };
		E13A5CA828752B25004DFA1E /* en */ = {isa = PBXFileReference; lastKnownFileType = file.xib; name = en; path = iTablet/en.lproj/LaunchScreen.xib; sourceTree = "<group>"; };
		E13A5CA928752B33004DFA1E /* zh-Hans */ = {isa = PBXFileReference; lastKnownFileType = file.xib; name = "zh-Hans"; path = "iTablet/zh-Hans.lproj/LaunchScreen.xib"; sourceTree = "<group>"; };
		E13A5CAD28752B6C004DFA1E /* zh-Hans */ = {isa = PBXFileReference; lastKnownFileType = text.plist.strings; name = "zh-Hans"; path = "zh-Hans.lproj/InfoPlist.strings"; sourceTree = "<group>"; };
		E13A5CB228752BFC004DFA1E /* en */ = {isa = PBXFileReference; lastKnownFileType = text.plist.strings; name = en; path = en.lproj/InfoPlist.strings; sourceTree = "<group>"; };
		E19F41D328925C9D007B04D6 /* CocoaAsyncSocket.framework */ = {isa = PBXFileReference; lastKnownFileType = wrapper.framework; name = CocoaAsyncSocket.framework; path = iPhoneOS.sdk/CocoaAsyncSocket.framework; sourceTree = "<group>"; };
		E19F41D528925C9D007B04D6 /* ZipArchive.framework */ = {isa = PBXFileReference; lastKnownFileType = wrapper.framework; name = ZipArchive.framework; path = iPhoneOS.sdk/ZipArchive.framework; sourceTree = "<group>"; };
		E19F41D628925C9D007B04D6 /* JKVValue.framework */ = {isa = PBXFileReference; lastKnownFileType = wrapper.framework; name = JKVValue.framework; path = iPhoneOS.sdk/JKVValue.framework; sourceTree = "<group>"; };
		E19F41DD28925D44007B04D6 /* RMQClient.framework */ = {isa = PBXFileReference; lastKnownFileType = wrapper.framework; name = RMQClient.framework; path = iPhoneOS.sdk/RMQClient.framework; sourceTree = "<group>"; };
		E565E977286303CF007797E3 /* SegmenationFree-Inception.caffemodel */ = {isa = PBXFileReference; lastKnownFileType = file; path = "SegmenationFree-Inception.caffemodel"; sourceTree = "<group>"; };
		E565E978286303CF007797E3 /* SegmenationFree-Inception.prototxt */ = {isa = PBXFileReference; fileEncoding = 4; lastKnownFileType = text; path = "SegmenationFree-Inception.prototxt"; sourceTree = "<group>"; };
		E565E979286303CF007797E3 /* HorizonalFinemapping.caffemodel */ = {isa = PBXFileReference; lastKnownFileType = file; path = HorizonalFinemapping.caffemodel; sourceTree = "<group>"; };
		E565E97A286303CF007797E3 /* CharacterRecognization.caffemodel */ = {isa = PBXFileReference; lastKnownFileType = file; path = CharacterRecognization.caffemodel; sourceTree = "<group>"; };
		E565E97B286303CF007797E3 /* cascade.xml */ = {isa = PBXFileReference; fileEncoding = 4; lastKnownFileType = text.xml; path = cascade.xml; sourceTree = "<group>"; };
		E565E97C286303CF007797E3 /* Segmentation.prototxt */ = {isa = PBXFileReference; fileEncoding = 4; lastKnownFileType = text; path = Segmentation.prototxt; sourceTree = "<group>"; };
		E565E97D286303CF007797E3 /* HorizonalFinemapping.prototxt */ = {isa = PBXFileReference; fileEncoding = 4; lastKnownFileType = text; path = HorizonalFinemapping.prototxt; sourceTree = "<group>"; };
		E565E97E286303CF007797E3 /* Segmentation.caffemodel */ = {isa = PBXFileReference; lastKnownFileType = file; path = Segmentation.caffemodel; sourceTree = "<group>"; };
		E565E97F286303CF007797E3 /* CharacterRecognization.prototxt */ = {isa = PBXFileReference; fileEncoding = 4; lastKnownFileType = text; path = CharacterRecognization.prototxt; sourceTree = "<group>"; };
		E565E98A286309A5007797E3 /* mobilenet_quant_224.tflite */ = {isa = PBXFileReference; lastKnownFileType = file; path = mobilenet_quant_224.tflite; sourceTree = "<group>"; };
		E565E98B286309A5007797E3 /* labelmap_cn.txt */ = {isa = PBXFileReference; fileEncoding = 4; lastKnownFileType = text; path = labelmap_cn.txt; sourceTree = "<group>"; };
		E565E98C286309A5007797E3 /* mobilenet_quant_224_cn.txt */ = {isa = PBXFileReference; fileEncoding = 4; lastKnownFileType = text; path = mobilenet_quant_224_cn.txt; sourceTree = "<group>"; };
		E565E98D286309A5007797E3 /* mobilenet_quant_224.txt */ = {isa = PBXFileReference; fileEncoding = 4; lastKnownFileType = text; path = mobilenet_quant_224.txt; sourceTree = "<group>"; };
		E565E98E286309A5007797E3 /* labelmap.txt */ = {isa = PBXFileReference; fileEncoding = 4; lastKnownFileType = text; path = labelmap.txt; sourceTree = "<group>"; };
		E565E98F286309A5007797E3 /* detect.tflite */ = {isa = PBXFileReference; lastKnownFileType = file; path = detect.tflite; sourceTree = "<group>"; };
		ED297162215061F000B7C4FE /* JavaScriptCore.framework */ = {isa = PBXFileReference; lastKnownFileType = wrapper.framework; name = JavaScriptCore.framework; path = System/Library/Frameworks/JavaScriptCore.framework; sourceTree = SDKROOT; };
		F07F69481202071CFF1C167F /* Pods-iTablet.debug.xcconfig */ = {isa = PBXFileReference; includeInIndex = 1; lastKnownFileType = text.xcconfig; name = "Pods-iTablet.debug.xcconfig"; path = "Target Support Files/Pods-iTablet/Pods-iTablet.debug.xcconfig"; sourceTree = "<group>"; };
/* End PBXFileReference section */

/* Begin PBXFrameworksBuildPhase section */
		00E356EB1AD99517003FC87E /* Frameworks */ = {
			isa = PBXFrameworksBuildPhase;
			buildActionMask = 2147483647;
			files = (
			);
			runOnlyForDeploymentPostprocessing = 0;
		};
		13B07F8C1A680F5B00A75B9A /* Frameworks */ = {
			isa = PBXFrameworksBuildPhase;
			buildActionMask = 2147483647;
			files = (
				0AF8516E2832379100287BA5 /* SuperMap.framework in Frameworks */,
				E19F41E128925D6B007B04D6 /* ZipArchive.framework in Frameworks */,
				0AC8AF982808176000435541 /* CoreGraphics.framework in Frameworks */,
				0AF8516E2832379100287BA5 /* SuperMap.framework in Frameworks */,
				0A33905628323ED70094AD2F /* libSupermap.a in Frameworks */,
				0AC8AFE4280819FE00435541 /* UIKit.framework in Frameworks */,
				0AC8AFC32808189500435541 /* libc++.1.tbd in Frameworks */,
				E19F41E328925D7B007B04D6 /* CocoaAsyncSocket.framework in Frameworks */,
				0AC8AFD62808196900435541 /* MediaPlayer.framework in Frameworks */,
				0AC8AFBD2808186400435541 /* libCorePlot.a in Frameworks */,
				0AC8AF86280816AB00435541 /* Accelerate.framework in Frameworks */,
				0AC8AFA22808178700435541 /* Foundation.framework in Frameworks */,
				0AC8AFCE2808191A00435541 /* libsqlite3.tbd in Frameworks */,
				0AC8AF9E2808177400435541 /* CoreText.framework in Frameworks */,
				0AC8AF9D2808177400435541 /* CoreTelephony.framework in Frameworks */,
				0AC8AFD42808195200435541 /* libz.tbd in Frameworks */,
				0AC8AF9A2808176900435541 /* CoreLocation.framework in Frameworks */,
				0AC8AF942808175000435541 /* Contacts.framework in Frameworks */,
				0AC8AFA02808177E00435541 /* ExternalAccessory.framework in Frameworks */,
				0AC8AFD22808194600435541 /* libxml2.tbd in Frameworks */,
				0AC8AFD82808197D00435541 /* MobileCoreServices.framework in Frameworks */,
				0AC8AEF92808109F00435541 /* libWeChatSDK.a in Frameworks */,
				0AC8AFE2280819F700435541 /* SystemConfiguration.framework in Frameworks */,
				E19F41DF28925D66007B04D6 /* RMQClient.framework in Frameworks */,
				0AC8AF8E280816C700435541 /* CFNetwork.framework in Frameworks */,
				0AC8AF8C280816BF00435541 /* AVFoundation.framework in Frameworks */,
				0AC8AFCD2808191A00435541 /* libsqlite3.0.tbd in Frameworks */,
				0AC8AFE0280819F000435541 /* Security.framework in Frameworks */,
				0AC8AF8A280816B900435541 /* AudioToolbox.framework in Frameworks */,
				0AC8AFAA280817C900435541 /* JavaScriptCore.framework in Frameworks */,
				0AC8AFC5280818AD00435541 /* libiconv.2.4.0.tbd in Frameworks */,
				0AC8AFCA2808190100435541 /* libresolv.tbd in Frameworks */,
				0AC8AFBF2808186400435541 /* libflyMSC.a in Frameworks */,
				0AC8AFE628081A0600435541 /* UserNotifications.framework in Frameworks */,
				0AC8AFC7280818C600435541 /* libicucore.A.tbd in Frameworks */,
				0AC8AFEB28082C4700435541 /* libstdc++.6.0.9.tbd in Frameworks */,
				0AC8AFC12808188400435541 /* libbz2.tbd in Frameworks */,
				0AC8AFA4280817BA00435541 /* GLTFSceneKit.framework in Frameworks */,
				0AC8AFDA2808199100435541 /* QuartzCore.framework in Frameworks */,
				0AC8AFBE2808186400435541 /* libAsHttpRequest.a in Frameworks */,
				0AC8AFDB280819A100435541 /* QuartzCore.framework in Frameworks */,
				0AC8AF88280816B100435541 /* AddressBook.framework in Frameworks */,
				0AC8AF962808175700435541 /* CoreFoundation.framework in Frameworks */,
				0AC8AFEC28082D9E00435541 /* JRE.framework in Frameworks */,
				0AC8AFBC2808186400435541 /* libSocketRocket.a in Frameworks */,
				E19F41DB28925CE7007B04D6 /* JKVValue.framework in Frameworks */,
				5B78CC2D3FD5CC5131E4B19E /* libPods-iTablet.a in Frameworks */,
			);
			runOnlyForDeploymentPostprocessing = 0;
		};
/* End PBXFrameworksBuildPhase section */

/* Begin PBXGroup section */
		00E356EF1AD99517003FC87E /* iTabletTests */ = {
			isa = PBXGroup;
			children = (
				00E356F21AD99517003FC87E /* iTabletTests.m */,
				00E356F01AD99517003FC87E /* Supporting Files */,
			);
			path = iTabletTests;
			sourceTree = "<group>";
		};
		00E356F01AD99517003FC87E /* Supporting Files */ = {
			isa = PBXGroup;
			children = (
				00E356F11AD99517003FC87E /* Info.plist */,
			);
			name = "Supporting Files";
			sourceTree = "<group>";
		};
		0AC8AE672808109D00435541 /* SDKExport */ = {
			isa = PBXGroup;
			children = (
				0AC8AE682808109D00435541 /* WXApi.h */,
				0AC8AE692808109D00435541 /* WXApiObject.h */,
				0AC8AE6A2808109D00435541 /* libWeChatSDK.a */,
			);
			path = SDKExport;
			sourceTree = "<group>";
		};
		0AC8AE6B2808109E00435541 /* Tools */ = {
			isa = PBXGroup;
			children = (
				0AC8AE6C2808109E00435541 /* AppUtils.m */,
				0AC8AE6F2808109E00435541 /* WeiXinUtils.m */,
				0AC8AE712808109E00435541 /* AppInfo.h */,
				0AC8AE732808109E00435541 /* FileTools.h */,
				0AC8AE742808109E00435541 /* AppUtils.h */,
				0AC8AE762808109E00435541 /* ConfigUtils.h */,
				0AC8AE772808109E00435541 /* WeiXinUtils.h */,
				0AC8AE782808109E00435541 /* NativeUtil.h */,
			);
			path = Tools;
			sourceTree = "<group>";
		};
		0AC8AE7A2808109E00435541 /* components */ = {
			isa = PBXGroup;
			children = (
				0AC8AE7B2808109E00435541 /* MyLaunchScreenViewController.m */,
				0AC8AE7C2808109E00435541 /* MyLaunchScreen.storyboard */,
				0AC8AE7D2808109E00435541 /* MyLaunchScreenViewController.h */,
			);
			path = components;
			sourceTree = "<group>";
		};
		0AC8AE7E2808109E00435541 /* RN */ = {
			isa = PBXGroup;
			children = (
				0AC8AE7F2808109E00435541 /* NativeMethod.m */,
				0AC8AE802808109E00435541 /* NativeMethod.h */,
			);
			path = RN;
			sourceTree = "<group>";
		};
		0AC8AE812808109E00435541 /* assets */ = {
			isa = PBXGroup;
			children = (
				6547809C28A2020600C044DA /* ARAlbumImage */,
				6547809A28A1FF8400C044DA /* SuperMapAR.bundle */,
				E565E989286309A4007797E3 /* Model */,
				E565E976286303CF007797E3 /* Resource */,
				4E28CE9428378DFD0045CB07 /* PIL */,
				4E28CE8F28378DEA0045CB07 /* ARWebView.xib */,
				4E28CE8C28378DEA0045CB07 /* left_arrow.png */,
				4E28CE9028378DEA0045CB07 /* publicMap.txt */,
				0AC8AE822808109E00435541 /* Images.zip */,
				0AC8AE832808109E00435541 /* icon.png */,
				0AC8AE842808109E00435541 /* launch_slogan_en.png */,
				0AC8AE852808109E00435541 /* Template.zip */,
				0AC8AE862808109E00435541 /* launch_slogan_cn.png */,
				0AC8AE872808109E00435541 /* Workspace.zip */,
				0AC8AE892808109E00435541 /* python2.7.zip */,
				0AC8AEE52808109F00435541 /* logo.png */,
				0AC8AEF72808109F00435541 /* resources.bundle */,
				0AC8AEF82808109F00435541 /* PlotLibData.zip */,
				65D43B91288E759D00C3391B /* ARImageView.xib */,
				65B76A7D289D0E62001888E6 /* ARListView.xib */,
				650BA19728C9DFB600246390 /* ARVideoView.xib */,
			);
			path = assets;
			sourceTree = "<group>";
		};
		0AC8AF80280815BF00435541 /* Products */ = {
			isa = PBXGroup;
			children = (
				0AC8AF84280815BF00435541 /* libSupermap.a */,
			);
			name = Products;
			sourceTree = "<group>";
		};
		13B07FAE1A68108700A75B9A /* iTablet */ = {
			isa = PBXGroup;
			children = (
				0AC8AE812808109E00435541 /* assets */,
				0AC8AE7A2808109E00435541 /* components */,
				0AC8AE7E2808109E00435541 /* RN */,
				0AC8AE672808109D00435541 /* SDKExport */,
				0AC8AE6B2808109E00435541 /* Tools */,
				13B07FAF1A68108700A75B9A /* AppDelegate.h */,
				13B07FB01A68108700A75B9A /* AppDelegate.m */,
				13B07FB51A68108700A75B9A /* Images.xcassets */,
				13B07FB61A68108700A75B9A /* Info.plist */,
				E13A5CB328752BFC004DFA1E /* InfoPlist.strings */,
				E13A5CAE28752B6C004DFA1E /* InfoPlist.strings */,
				81AB9BB72411601600AC10FF /* LaunchScreen.storyboard */,
				0AC8AF76280810BF00435541 /* LaunchScreen.xib */,
				13B07FB71A68108700A75B9A /* main.m */,
				0AF851192831DB6800287BA5 /* iTablet-Bridging-Header.h */,
			);
			name = iTablet;
			sourceTree = "<group>";
		};
		2D16E6871FA4F8E400B85C8A /* Frameworks */ = {
			isa = PBXGroup;
			children = (
				E19F41DD28925D44007B04D6 /* RMQClient.framework */,
				E19F41D328925C9D007B04D6 /* CocoaAsyncSocket.framework */,
				E19F41D628925C9D007B04D6 /* JKVValue.framework */,
				E19F41D528925C9D007B04D6 /* ZipArchive.framework */,
				0AC8AFEA28082C4000435541 /* libstdc++.6.0.9.tbd */,
				0AC8AFE528081A0600435541 /* UserNotifications.framework */,
				0AC8AFE3280819FE00435541 /* UIKit.framework */,
				0AC8AFE1280819F700435541 /* SystemConfiguration.framework */,
				0AC8AFDF280819F000435541 /* Security.framework */,
				0AC8AFD92808199100435541 /* QuartzCore.framework */,
				0AC8AFD72808197D00435541 /* MobileCoreServices.framework */,
				0AC8AFD52808196800435541 /* MediaPlayer.framework */,
				0AC8AFD32808194D00435541 /* libz.tbd */,
				0AC8AFD12808193B00435541 /* libxml2.tbd */,
				0AC8AFD02808193400435541 /* libxml2.2.tbd */,
				0AC8AFCB2808191200435541 /* libsqlite3.0.tbd */,
				0AC8AFCC2808191300435541 /* libsqlite3.tbd */,
				0AC8AFC9280818FD00435541 /* libresolv.tbd */,
				0AC8AFC6280818C300435541 /* libicucore.A.tbd */,
				0AC8AFC4280818A600435541 /* libiconv.2.4.0.tbd */,
				0AC8AFC22808188C00435541 /* libc++.1.tbd */,
				0AC8AFC02808187300435541 /* libbz2.tbd */,
				0AC8AFB92808185D00435541 /* libAsHttpRequest.a */,
				0AC8AFB82808185D00435541 /* libCorePlot.a */,
				0AC8AFBA2808185D00435541 /* libflyMSC.a */,
				0AC8AFBB2808185D00435541 /* libSocketRocket.a */,
				0AC8AFB12808180800435541 /* JRE.framework */,
				0AC8AFA7280817BE00435541 /* SuperMap.framework */,
				0A33933C283386F90094AD2F /* SuperMap.bundle */,
				0AC8AFA3280817BA00435541 /* GLTFSceneKit.framework */,
				0AC8AFA12808178700435541 /* Foundation.framework */,
				0AC8AF9F2808177E00435541 /* ExternalAccessory.framework */,
				0AC8AF9B2808177400435541 /* CoreTelephony.framework */,
				0AC8AF9C2808177400435541 /* CoreText.framework */,
				0AC8AF992808176900435541 /* CoreLocation.framework */,
				0AC8AF972808176000435541 /* CoreGraphics.framework */,
				0AC8AF952808175700435541 /* CoreFoundation.framework */,
				0AC8AF932808175000435541 /* Contacts.framework */,
				0AC8AF8D280816C700435541 /* CFNetwork.framework */,
				0AC8AF8B280816BF00435541 /* AVFoundation.framework */,
				0AC8AF89280816B900435541 /* AudioToolbox.framework */,
				0AC8AF87280816B100435541 /* AddressBook.framework */,
				0AC8AF85280816AB00435541 /* Accelerate.framework */,
				ED297162215061F000B7C4FE /* JavaScriptCore.framework */,
				AC3F32E8BC920E9C5FE77F2B /* libPods-iTablet.a */,
			);
			name = Frameworks;
			sourceTree = "<group>";
		};
		47ABE6A028659DB100770561 /* Products */ = {
			isa = PBXGroup;
			children = (
				47ABE6AB28659DB200770561 /* libLibUGC.a */,
				47ABE6AD28659DB200770561 /* libLibUGC_Base.a */,
				47ABE6AF28659DB200770561 /* libLibUGC_2D.a */,
				47ABE6B128659DB200770561 /* libLibUGC_3D.a */,
				47ABE6B328659DB200770561 /* libObject_3D.a */,
				47ABE6B528659DB200770561 /* libObjects_iOS.a */,
				47ABE6B728659DB200770561 /* Super23D.app */,
			);
			name = Products;
			sourceTree = "<group>";
		};
		6547809C28A2020600C044DA /* ARAlbumImage */ = {
			isa = PBXGroup;
			children = (
				65CDD19128A4F98F00B5A2C8 /* icon_tool_next.png */,
				65CDD19228A4F99000B5A2C8 /* icon_tool_pause.png */,
				65CDD19428A4F99000B5A2C8 /* icon_tool_play.png */,
				65CDD19328A4F99000B5A2C8 /* icon_tool_previous.png */,
				65CDD18F28A4F6CC00B5A2C8 /* btn_toolbar_bg.png */,
				65CDD18C28A4F53400B5A2C8 /* tab_icon_back.png */,
				65CDD18A28A4F53400B5A2C8 /* tab_icon_close01.png */,
				6547809D28A2020600C044DA /* tab_icon_close.png */,
			);
			path = ARAlbumImage;
			sourceTree = "<group>";
		};
		832341AE1AAA6A7D00B99B32 /* Libraries */ = {
			isa = PBXGroup;
			children = (
				47ABE69F28659DB100770561 /* LibUGC.xcodeproj */,
				0AC8AF7F280815BF00435541 /* Supermap.xcodeproj */,
			);
			name = Libraries;
			sourceTree = "<group>";
		};
		83CBB9F61A601CBA00E9B192 = {
			isa = PBXGroup;
			children = (
				13B07FAE1A68108700A75B9A /* iTablet */,
				832341AE1AAA6A7D00B99B32 /* Libraries */,
				00E356EF1AD99517003FC87E /* iTabletTests */,
				83CBBA001A601CBA00E9B192 /* Products */,
				2D16E6871FA4F8E400B85C8A /* Frameworks */,
				ACE3DBC4068FE5A1E92106D5 /* Pods */,
			);
			indentWidth = 2;
			sourceTree = "<group>";
			tabWidth = 2;
			usesTabs = 0;
		};
		83CBBA001A601CBA00E9B192 /* Products */ = {
			isa = PBXGroup;
			children = (
				13B07F961A680F5B00A75B9A /* SuperMap iTablet.app */,
				00E356EE1AD99517003FC87E /* iTabletTests.xctest */,
			);
			name = Products;
			sourceTree = "<group>";
		};
		ACE3DBC4068FE5A1E92106D5 /* Pods */ = {
			isa = PBXGroup;
			children = (
				F07F69481202071CFF1C167F /* Pods-iTablet.debug.xcconfig */,
				06FACE8019E26F0904A7ACC2 /* Pods-iTablet.release.xcconfig */,
			);
			path = Pods;
			sourceTree = "<group>";
		};
		E565E976286303CF007797E3 /* Resource */ = {
			isa = PBXGroup;
			children = (
				E565E977286303CF007797E3 /* SegmenationFree-Inception.caffemodel */,
				E565E978286303CF007797E3 /* SegmenationFree-Inception.prototxt */,
				E565E979286303CF007797E3 /* HorizonalFinemapping.caffemodel */,
				E565E97A286303CF007797E3 /* CharacterRecognization.caffemodel */,
				E565E97B286303CF007797E3 /* cascade.xml */,
				E565E97C286303CF007797E3 /* Segmentation.prototxt */,
				E565E97D286303CF007797E3 /* HorizonalFinemapping.prototxt */,
				E565E97E286303CF007797E3 /* Segmentation.caffemodel */,
				E565E97F286303CF007797E3 /* CharacterRecognization.prototxt */,
			);
			path = Resource;
			sourceTree = "<group>";
		};
		E565E989286309A4007797E3 /* Model */ = {
			isa = PBXGroup;
			children = (
				E565E98A286309A5007797E3 /* mobilenet_quant_224.tflite */,
				E565E98B286309A5007797E3 /* labelmap_cn.txt */,
				E565E98C286309A5007797E3 /* mobilenet_quant_224_cn.txt */,
				E565E98D286309A5007797E3 /* mobilenet_quant_224.txt */,
				E565E98E286309A5007797E3 /* labelmap.txt */,
				E565E98F286309A5007797E3 /* detect.tflite */,
			);
			path = Model;
			sourceTree = "<group>";
		};
/* End PBXGroup section */

/* Begin PBXNativeTarget section */
		00E356ED1AD99517003FC87E /* iTabletTests */ = {
			isa = PBXNativeTarget;
			buildConfigurationList = 00E357021AD99517003FC87E /* Build configuration list for PBXNativeTarget "iTabletTests" */;
			buildPhases = (
				00E356EA1AD99517003FC87E /* Sources */,
				00E356EB1AD99517003FC87E /* Frameworks */,
				00E356EC1AD99517003FC87E /* Resources */,
			);
			buildRules = (
			);
			dependencies = (
				00E356F51AD99517003FC87E /* PBXTargetDependency */,
			);
			name = iTabletTests;
			productName = iTabletTests;
			productReference = 00E356EE1AD99517003FC87E /* iTabletTests.xctest */;
			productType = "com.apple.product-type.bundle.unit-test";
		};
		13B07F861A680F5B00A75B9A /* iTablet */ = {
			isa = PBXNativeTarget;
			buildConfigurationList = 13B07F931A680F5B00A75B9A /* Build configuration list for PBXNativeTarget "iTablet" */;
			buildPhases = (
				5349D7134084F878F5A59256 /* [CP] Check Pods Manifest.lock */,
				FD10A7F022414F080027D42C /* Start Packager */,
				13B07F871A680F5B00A75B9A /* Sources */,
				13B07F8C1A680F5B00A75B9A /* Frameworks */,
				13B07F8E1A680F5B00A75B9A /* Resources */,
				00DD1BFF1BD5951E006B06BC /* Bundle React Native code and images */,
				0AC8AFA6280817BA00435541 /* Embed Frameworks */,
				7EF7DDE23D15C7127A16F417 /* [CP] Embed Pods Frameworks */,
				0AF85108282E594C00287BA5 /* CopyFiles */,
				6F2CB6E42E7136A24DCDFF18 /* [CP] Copy Pods Resources */,
			);
			buildRules = (
			);
			dependencies = (
			);
			name = iTablet;
			productName = iTablet;
			productReference = 13B07F961A680F5B00A75B9A /* SuperMap iTablet.app */;
			productType = "com.apple.product-type.application";
		};
/* End PBXNativeTarget section */

/* Begin PBXProject section */
		83CBB9F71A601CBA00E9B192 /* Project object */ = {
			isa = PBXProject;
			attributes = {
				LastUpgradeCheck = 1210;
				ORGANIZATIONNAME = Facebook;
				TargetAttributes = {
					00E356ED1AD99517003FC87E = {
						CreatedOnToolsVersion = 6.2;
						TestTargetID = 13B07F861A680F5B00A75B9A;
					};
					13B07F861A680F5B00A75B9A = {
						LastSwiftMigration = 1330;
					};
				};
			};
			buildConfigurationList = 83CBB9FA1A601CBA00E9B192 /* Build configuration list for PBXProject "iTablet" */;
			compatibilityVersion = "Xcode 12.0";
			developmentRegion = en;
			hasScannedForEncodings = 0;
			knownRegions = (
				en,
				"zh-Hans",
			);
			mainGroup = 83CBB9F61A601CBA00E9B192;
			productRefGroup = 83CBBA001A601CBA00E9B192 /* Products */;
			projectDirPath = "";
			projectReferences = (
				{
					ProductGroup = 47ABE6A028659DB100770561 /* Products */;
					ProjectRef = 47ABE69F28659DB100770561 /* LibUGC.xcodeproj */;
				},
				{
					ProductGroup = 0AC8AF80280815BF00435541 /* Products */;
					ProjectRef = 0AC8AF7F280815BF00435541 /* Supermap.xcodeproj */;
				},
			);
			projectRoot = "";
			targets = (
				13B07F861A680F5B00A75B9A /* iTablet */,
				00E356ED1AD99517003FC87E /* iTabletTests */,
			);
		};
/* End PBXProject section */

/* Begin PBXReferenceProxy section */
		0AC8AF84280815BF00435541 /* libSupermap.a */ = {
			isa = PBXReferenceProxy;
			fileType = archive.ar;
			path = libSupermap.a;
			remoteRef = 0AC8AF83280815BF00435541 /* PBXContainerItemProxy */;
			sourceTree = BUILT_PRODUCTS_DIR;
		};
		47ABE6AB28659DB200770561 /* libLibUGC.a */ = {
			isa = PBXReferenceProxy;
			fileType = archive.ar;
			path = libLibUGC.a;
			remoteRef = 47ABE6AA28659DB200770561 /* PBXContainerItemProxy */;
			sourceTree = BUILT_PRODUCTS_DIR;
		};
		47ABE6AD28659DB200770561 /* libLibUGC_Base.a */ = {
			isa = PBXReferenceProxy;
			fileType = archive.ar;
			path = libLibUGC_Base.a;
			remoteRef = 47ABE6AC28659DB200770561 /* PBXContainerItemProxy */;
			sourceTree = BUILT_PRODUCTS_DIR;
		};
		47ABE6AF28659DB200770561 /* libLibUGC_2D.a */ = {
			isa = PBXReferenceProxy;
			fileType = archive.ar;
			path = libLibUGC_2D.a;
			remoteRef = 47ABE6AE28659DB200770561 /* PBXContainerItemProxy */;
			sourceTree = BUILT_PRODUCTS_DIR;
		};
		47ABE6B128659DB200770561 /* libLibUGC_3D.a */ = {
			isa = PBXReferenceProxy;
			fileType = archive.ar;
			path = libLibUGC_3D.a;
			remoteRef = 47ABE6B028659DB200770561 /* PBXContainerItemProxy */;
			sourceTree = BUILT_PRODUCTS_DIR;
		};
		47ABE6B328659DB200770561 /* libObject_3D.a */ = {
			isa = PBXReferenceProxy;
			fileType = archive.ar;
			path = libObject_3D.a;
			remoteRef = 47ABE6B228659DB200770561 /* PBXContainerItemProxy */;
			sourceTree = BUILT_PRODUCTS_DIR;
		};
		47ABE6B528659DB200770561 /* libObjects_iOS.a */ = {
			isa = PBXReferenceProxy;
			fileType = archive.ar;
			path = libObjects_iOS.a;
			remoteRef = 47ABE6B428659DB200770561 /* PBXContainerItemProxy */;
			sourceTree = BUILT_PRODUCTS_DIR;
		};
		47ABE6B728659DB200770561 /* Super23D.app */ = {
			isa = PBXReferenceProxy;
			fileType = wrapper.application;
			path = Super23D.app;
			remoteRef = 47ABE6B628659DB200770561 /* PBXContainerItemProxy */;
			sourceTree = BUILT_PRODUCTS_DIR;
		};
/* End PBXReferenceProxy section */

/* Begin PBXResourcesBuildPhase section */
		00E356EC1AD99517003FC87E /* Resources */ = {
			isa = PBXResourcesBuildPhase;
			buildActionMask = 2147483647;
			files = (
			);
			runOnlyForDeploymentPostprocessing = 0;
		};
		13B07F8E1A680F5B00A75B9A /* Resources */ = {
			isa = PBXResourcesBuildPhase;
			buildActionMask = 2147483647;
			files = (
				E565E988286303CF007797E3 /* CharacterRecognization.prototxt in Resources */,
				65CDD19728A4F99000B5A2C8 /* icon_tool_previous.png in Resources */,
				81AB9BB82411601600AC10FF /* LaunchScreen.storyboard in Resources */,
				4E28CE9528378DFD0045CB07 /* PIL in Resources */,
				0AC8AF042808109F00435541 /* launch_slogan_en.png in Resources */,
				0AC8AF032808109F00435541 /* icon.png in Resources */,
				E13A5CB128752BFC004DFA1E /* InfoPlist.strings in Resources */,
				4E28CE9328378DEA0045CB07 /* publicMap.txt in Resources */,
				0AC8AF742808109F00435541 /* resources.bundle in Resources */,
				E565E990286309A5007797E3 /* mobilenet_quant_224.tflite in Resources */,
				65CDD19528A4F99000B5A2C8 /* icon_tool_next.png in Resources */,
				E565E981286303CF007797E3 /* SegmenationFree-Inception.prototxt in Resources */,
				E565E985286303CF007797E3 /* Segmentation.prototxt in Resources */,
				65CDD19028A4F6CD00B5A2C8 /* btn_toolbar_bg.png in Resources */,
				4E28CE9128378DEA0045CB07 /* left_arrow.png in Resources */,
				E565E987286303CF007797E3 /* Segmentation.caffemodel in Resources */,
				0AC8AF642808109F00435541 /* logo.png in Resources */,
				65CDD19628A4F99000B5A2C8 /* icon_tool_pause.png in Resources */,
				0AC8AF072808109F00435541 /* Workspace.zip in Resources */,
				E565E984286303CF007797E3 /* cascade.xml in Resources */,
				E565E991286309A5007797E3 /* labelmap_cn.txt in Resources */,
				65CDD18E28A4F53400B5A2C8 /* tab_icon_back.png in Resources */,
				4E28CE9228378DEA0045CB07 /* ARWebView.xib in Resources */,
				65D43B92288E759D00C3391B /* ARImageView.xib in Resources */,
				0A33933D283386F90094AD2F /* SuperMap.bundle in Resources */,
				E565E995286309A5007797E3 /* detect.tflite in Resources */,
				65B76A7E289D0E62001888E6 /* ARListView.xib in Resources */,
				0AC8AF022808109F00435541 /* Images.zip in Resources */,
				13B07FBF1A68108700A75B9A /* Images.xcassets in Resources */,
				0AC8AF78280810BF00435541 /* LaunchScreen.xib in Resources */,
				65CDD18D28A4F53400B5A2C8 /* tab_icon_close01.png in Resources */,
				E565E992286309A5007797E3 /* mobilenet_quant_224_cn.txt in Resources */,
				E565E993286309A5007797E3 /* mobilenet_quant_224.txt in Resources */,
				E13A5CAC28752B6B004DFA1E /* InfoPlist.strings in Resources */,
				0AC8AF062808109F00435541 /* launch_slogan_cn.png in Resources */,
				0AC8AF002808109F00435541 /* MyLaunchScreen.storyboard in Resources */,
				E565E994286309A5007797E3 /* labelmap.txt in Resources */,
				650BA19828C9DFB600246390 /* ARVideoView.xib in Resources */,
				0AC8AF052808109F00435541 /* Template.zip in Resources */,
				6547809B28A1FF8400C044DA /* SuperMapAR.bundle in Resources */,
				65CDD19828A4F99000B5A2C8 /* icon_tool_play.png in Resources */,
				6547809E28A2020600C044DA /* tab_icon_close.png in Resources */,
				0AC8AF092808109F00435541 /* python2.7.zip in Resources */,
				E565E980286303CF007797E3 /* SegmenationFree-Inception.caffemodel in Resources */,
				0AC8AF752808109F00435541 /* PlotLibData.zip in Resources */,
				E565E982286303CF007797E3 /* HorizonalFinemapping.caffemodel in Resources */,
				E565E983286303CF007797E3 /* CharacterRecognization.caffemodel in Resources */,
				E565E986286303CF007797E3 /* HorizonalFinemapping.prototxt in Resources */,
			);
			runOnlyForDeploymentPostprocessing = 0;
		};
/* End PBXResourcesBuildPhase section */

/* Begin PBXShellScriptBuildPhase section */
		00DD1BFF1BD5951E006B06BC /* Bundle React Native code and images */ = {
			isa = PBXShellScriptBuildPhase;
			buildActionMask = 8;
			files = (
			);
			inputPaths = (
			);
			name = "Bundle React Native code and images";
			outputPaths = (
			);
			runOnlyForDeploymentPostprocessing = 1;
			shellPath = /bin/sh;
			shellScript = "set -e\n\nexport NODE_BINARY=node\n../node_modules/react-native/scripts/react-native-xcode.sh\n";
		};
		5349D7134084F878F5A59256 /* [CP] Check Pods Manifest.lock */ = {
			isa = PBXShellScriptBuildPhase;
			buildActionMask = 2147483647;
			files = (
			);
			inputFileListPaths = (
			);
			inputPaths = (
				"${PODS_PODFILE_DIR_PATH}/Podfile.lock",
				"${PODS_ROOT}/Manifest.lock",
			);
			name = "[CP] Check Pods Manifest.lock";
			outputFileListPaths = (
			);
			outputPaths = (
				"$(DERIVED_FILE_DIR)/Pods-iTablet-checkManifestLockResult.txt",
			);
			runOnlyForDeploymentPostprocessing = 0;
			shellPath = /bin/sh;
			shellScript = "diff \"${PODS_PODFILE_DIR_PATH}/Podfile.lock\" \"${PODS_ROOT}/Manifest.lock\" > /dev/null\nif [ $? != 0 ] ; then\n    # print error to STDERR\n    echo \"error: The sandbox is not in sync with the Podfile.lock. Run 'pod install' or update your CocoaPods installation.\" >&2\n    exit 1\nfi\n# This output is used by Xcode 'outputs' to avoid re-running this script phase.\necho \"SUCCESS\" > \"${SCRIPT_OUTPUT_FILE_0}\"\n";
			showEnvVarsInLog = 0;
		};
		6F2CB6E42E7136A24DCDFF18 /* [CP] Copy Pods Resources */ = {
			isa = PBXShellScriptBuildPhase;
			buildActionMask = 8;
			files = (
			);
			inputFileListPaths = (
				"${PODS_ROOT}/Target Support Files/Pods-iTablet/Pods-iTablet-resources-${CONFIGURATION}-input-files.xcfilelist",
			);
			name = "[CP] Copy Pods Resources";
			outputFileListPaths = (
				"${PODS_ROOT}/Target Support Files/Pods-iTablet/Pods-iTablet-resources-${CONFIGURATION}-output-files.xcfilelist",
			);
			runOnlyForDeploymentPostprocessing = 1;
			shellPath = /bin/sh;
			shellScript = "\"${PODS_ROOT}/Target Support Files/Pods-iTablet/Pods-iTablet-resources.sh\"\n";
			showEnvVarsInLog = 0;
		};
		7EF7DDE23D15C7127A16F417 /* [CP] Embed Pods Frameworks */ = {
			isa = PBXShellScriptBuildPhase;
			buildActionMask = 12;
			files = (
			);
			inputFileListPaths = (
				"${PODS_ROOT}/Target Support Files/Pods-iTablet/Pods-iTablet-frameworks-${CONFIGURATION}-input-files.xcfilelist",
			);
			name = "[CP] Embed Pods Frameworks";
			outputFileListPaths = (
				"${PODS_ROOT}/Target Support Files/Pods-iTablet/Pods-iTablet-frameworks-${CONFIGURATION}-output-files.xcfilelist",
			);
			runOnlyForDeploymentPostprocessing = 0;
			shellPath = /bin/sh;
			shellScript = "\"${PODS_ROOT}/Target Support Files/Pods-iTablet/Pods-iTablet-frameworks.sh\"\n";
			showEnvVarsInLog = 0;
		};
		FD10A7F022414F080027D42C /* Start Packager */ = {
			isa = PBXShellScriptBuildPhase;
			buildActionMask = 2147483647;
			files = (
			);
			inputFileListPaths = (
			);
			inputPaths = (
			);
			name = "Start Packager";
			outputFileListPaths = (
			);
			outputPaths = (
			);
			runOnlyForDeploymentPostprocessing = 0;
			shellPath = /bin/sh;
			shellScript = "export RCT_METRO_PORT=\"${RCT_METRO_PORT:=8081}\"\necho \"export RCT_METRO_PORT=${RCT_METRO_PORT}\" > \"${SRCROOT}/../node_modules/react-native/scripts/.packager.env\"\nif [ -z \"${RCT_NO_LAUNCH_PACKAGER+xxx}\" ] ; then\n  if nc -w 5 -z localhost ${RCT_METRO_PORT} ; then\n    if ! curl -s \"http://localhost:${RCT_METRO_PORT}/status\" | grep -q \"packager-status:running\" ; then\n      echo \"Port ${RCT_METRO_PORT} already in use, packager is either not running or not running correctly\"\n      exit 2\n    fi\n  else\n    open \"$SRCROOT/../node_modules/react-native/scripts/launchPackager.command\" || echo \"Can't start packager automatically\"\n  fi\nfi\n";
			showEnvVarsInLog = 0;
		};
/* End PBXShellScriptBuildPhase section */

/* Begin PBXSourcesBuildPhase section */
		00E356EA1AD99517003FC87E /* Sources */ = {
			isa = PBXSourcesBuildPhase;
			buildActionMask = 2147483647;
			files = (
				00E356F31AD99517003FC87E /* iTabletTests.m in Sources */,
			);
			runOnlyForDeploymentPostprocessing = 0;
		};
		13B07F871A680F5B00A75B9A /* Sources */ = {
			isa = PBXSourcesBuildPhase;
			buildActionMask = 2147483647;
			files = (
				0AC8AEFF2808109F00435541 /* MyLaunchScreenViewController.m in Sources */,
				13B07FBC1A68108700A75B9A /* AppDelegate.m in Sources */,
				0AC8AEFA2808109F00435541 /* AppUtils.m in Sources */,
				0AC8AEFC2808109F00435541 /* WeiXinUtils.m in Sources */,
				0AC8AF012808109F00435541 /* NativeMethod.m in Sources */,
				13B07FC11A68108700A75B9A /* main.m in Sources */,
			);
			runOnlyForDeploymentPostprocessing = 0;
		};
/* End PBXSourcesBuildPhase section */

/* Begin PBXTargetDependency section */
		00E356F51AD99517003FC87E /* PBXTargetDependency */ = {
			isa = PBXTargetDependency;
			target = 13B07F861A680F5B00A75B9A /* iTablet */;
			targetProxy = 00E356F41AD99517003FC87E /* PBXContainerItemProxy */;
		};
/* End PBXTargetDependency section */

/* Begin PBXVariantGroup section */
		0AC8AF76280810BF00435541 /* LaunchScreen.xib */ = {
			isa = PBXVariantGroup;
			children = (
				E13A5CA828752B25004DFA1E /* en */,
				E13A5CA928752B33004DFA1E /* zh-Hans */,
			);
			name = LaunchScreen.xib;
			sourceTree = "<group>";
		};
		E13A5CAE28752B6C004DFA1E /* InfoPlist.strings */ = {
			isa = PBXVariantGroup;
			children = (
				E13A5CAD28752B6C004DFA1E /* zh-Hans */,
			);
			name = InfoPlist.strings;
			sourceTree = "<group>";
		};
		E13A5CB328752BFC004DFA1E /* InfoPlist.strings */ = {
			isa = PBXVariantGroup;
			children = (
				E13A5CB228752BFC004DFA1E /* en */,
			);
			name = InfoPlist.strings;
			sourceTree = "<group>";
		};
/* End PBXVariantGroup section */

/* Begin XCBuildConfiguration section */
		00E356F61AD99517003FC87E /* Debug */ = {
			isa = XCBuildConfiguration;
			buildSettings = {
				BUNDLE_LOADER = "$(TEST_HOST)";
				GCC_PREPROCESSOR_DEFINITIONS = (
					"DEBUG=1",
					"$(inherited)",
				);
				INFOPLIST_FILE = iTabletTests/Info.plist;
				IPHONEOS_DEPLOYMENT_TARGET = 11.0;
				LD_RUNPATH_SEARCH_PATHS = (
					"$(inherited)",
					"@executable_path/Frameworks",
					"@loader_path/Frameworks",
				);
				OTHER_LDFLAGS = (
					"-ObjC",
					"-lc++",
					"$(inherited)",
				);
				PRODUCT_BUNDLE_IDENTIFIER = "org.reactjs.native.example.$(PRODUCT_NAME:rfc1034identifier)";
				PRODUCT_NAME = "$(TARGET_NAME)";
				TEST_HOST = "$(BUILT_PRODUCTS_DIR)/iTablet.app/iTablet";
			};
			name = Debug;
		};
		00E356F71AD99517003FC87E /* Release */ = {
			isa = XCBuildConfiguration;
			buildSettings = {
				BUNDLE_LOADER = "$(TEST_HOST)";
				COPY_PHASE_STRIP = NO;
				INFOPLIST_FILE = iTabletTests/Info.plist;
				IPHONEOS_DEPLOYMENT_TARGET = 11.0;
				LD_RUNPATH_SEARCH_PATHS = (
					"$(inherited)",
					"@executable_path/Frameworks",
					"@loader_path/Frameworks",
				);
				OTHER_LDFLAGS = (
					"-ObjC",
					"-lc++",
					"$(inherited)",
				);
				PRODUCT_BUNDLE_IDENTIFIER = "org.reactjs.native.example.$(PRODUCT_NAME:rfc1034identifier)";
				PRODUCT_NAME = "$(TARGET_NAME)";
				TEST_HOST = "$(BUILT_PRODUCTS_DIR)/iTablet.app/iTablet";
			};
			name = Release;
		};
		13B07F941A680F5B00A75B9A /* Debug */ = {
			isa = XCBuildConfiguration;
			baseConfigurationReference = F07F69481202071CFF1C167F /* Pods-iTablet.debug.xcconfig */;
			buildSettings = {
				ASSETCATALOG_COMPILER_APPICON_NAME = AppIcon;
				ASSETCATALOG_COMPILER_LAUNCHIMAGE_NAME = LaunchImage;
				CLANG_ENABLE_MODULES = YES;
				CLANG_WARN_QUOTED_INCLUDE_IN_FRAMEWORK_HEADER = YES;
				"CODE_SIGN_IDENTITY[sdk=iphoneos*]" = "Apple Development";
				CURRENT_PROJECT_VERSION = 1;
				DEVELOPMENT_TEAM = URZW253WPZ;
				ENABLE_BITCODE = NO;
				FRAMEWORK_SEARCH_PATHS = (
					"$(inherited)",
					"$(PROJECT_DIR)/iPhoneOS.sdk",
					"$(PROJECT_DIR)",
				);
				"FRAMEWORK_SEARCH_PATHS[sdk=iphoneos*]" = (
					"$(inherited)",
					"$(PROJECT_DIR)/iPhoneOS.sdk",
					"$(PROJECT_DIR)",
				);
				"FRAMEWORK_SEARCH_PATHS[sdk=iphonesimulator*]" = (
					"$(inherited)",
					"$(PROJECT_DIR)/iPhoneOS.sdk",
					"$(PROJECT_DIR)",
				);
				HEADER_SEARCH_PATHS = (
					"$(inherited)",
					"\"${PODS_ROOT}/Headers/Public\"",
					"\"${PODS_ROOT}/Headers/Public/CocoaAsyncSocket\"",
					"\"${PODS_ROOT}/Headers/Public/DoubleConversion\"",
					"\"${PODS_ROOT}/Headers/Public/FBLazyVector\"",
					"\"${PODS_ROOT}/Headers/Public/FBReactNativeSpec\"",
					"\"${PODS_ROOT}/Headers/Public/Flipper\"",
					"\"${PODS_ROOT}/Headers/Public/Flipper-Fmt\"",
					"\"${PODS_ROOT}/Headers/Public/Flipper-Folly\"",
					"\"${PODS_ROOT}/Headers/Public/Flipper-Glog\"",
					"\"${PODS_ROOT}/Headers/Public/Flipper-PeerTalk\"",
					"\"${PODS_ROOT}/Headers/Public/Flipper-RSocket\"",
					"\"${PODS_ROOT}/Headers/Public/FlipperKit\"",
					"\"${PODS_ROOT}/Headers/Public/JCore\"",
					"\"${PODS_ROOT}/Headers/Public/JPush\"",
					"\"${PODS_ROOT}/Headers/Public/RCT-Folly\"",
					"\"${PODS_ROOT}/Headers/Public/RCTRequired\"",
					"\"${PODS_ROOT}/Headers/Public/RCTTypeSafety\"",
					"\"${PODS_ROOT}/Headers/Public/RNCAsyncStorage\"",
					"\"${PODS_ROOT}/Headers/Public/RNGestureHandler\"",
					"\"${PODS_ROOT}/Headers/Public/RNSVG\"",
					"\"${PODS_ROOT}/Headers/Public/RNScreens\"",
					"\"${PODS_ROOT}/Headers/Public/React-Core\"",
					"\"${PODS_ROOT}/Headers/Public/React-RCTBlob\"",
					"\"${PODS_ROOT}/Headers/Public/React-RCTText\"",
					"\"${PODS_ROOT}/Headers/Public/React-callinvoker\"",
					"\"${PODS_ROOT}/Headers/Public/React-cxxreact\"",
					"\"${PODS_ROOT}/Headers/Public/React-jsi\"",
					"\"${PODS_ROOT}/Headers/Public/React-jsiexecutor\"",
					"\"${PODS_ROOT}/Headers/Public/React-jsinspector\"",
					"\"${PODS_ROOT}/Headers/Public/React-logger\"",
					"\"${PODS_ROOT}/Headers/Public/React-perflogger\"",
					"\"${PODS_ROOT}/Headers/Public/React-runtimeexecutor\"",
					"\"${PODS_ROOT}/Headers/Public/ReactCommon\"",
					"\"${PODS_ROOT}/Headers/Public/ReactNativeART\"",
					"\"${PODS_ROOT}/Headers/Public/VisionCamera\"",
					"\"${PODS_ROOT}/Headers/Public/Yoga\"",
					"\"${PODS_ROOT}/Headers/Public/YogaKit\"",
					"\"${PODS_ROOT}/Headers/Public/fmt\"",
					"\"${PODS_ROOT}/Headers/Public/glog\"",
					"\"${PODS_ROOT}/Headers/Public/libevent\"",
					"\"${PODS_ROOT}/Headers/Public/react-native-background-timer\"",
					"\"${PODS_ROOT}/Headers/Public/react-native-cameraroll\"",
					"\"${PODS_ROOT}/Headers/Public/react-native-contacts\"",
					"\"${PODS_ROOT}/Headers/Public/react-native-cookies\"",
					"\"${PODS_ROOT}/Headers/Public/react-native-image-resizer\"",
					"\"${PODS_ROOT}/Headers/Public/react-native-netinfo\"",
					"\"${PODS_ROOT}/Headers/Public/react-native-orientation\"",
					"\"${PODS_ROOT}/Headers/Public/react-native-pager-view\"",
					"\"${PODS_ROOT}/Headers/Public/react-native-safe-area-context\"",
					"\"${PODS_ROOT}/Headers/Public/react-native-video\"",
					"\"${PODS_ROOT}/Headers/Public/react-native-webview\"",
					"\"${PODS_ROOT}/Headers/Public/rn-fetch-blob\"",
					"\"$(PODS_ROOT)/DoubleConversion\"",
					"\"$(PODS_ROOT)/boost\"",
					"\"$(PODS_ROOT)/Headers/Private/React-Core\"",
					"\"$(PODS_ROOT)/boost\"",
					"\"$(PODS_ROOT)/boost-for-react-native\"",
					"\"$(PODS_ROOT)/glog\"",
					"\"$(PODS_ROOT)/RCT-Folly\"",
					"\"${PODS_ROOT}/Headers/Public/React-hermes\"",
					"\"${PODS_ROOT}/Headers/Public/hermes-engine\"",
					"\"$(PODS_TARGET_SRCROOT)/include/\"",
					"\"$(SRCROOT)/../node_modules/imobile_for_reactnative/ios\"/**",
				);
				INFOPLIST_FILE = iTablet/Info.plist;
				LD_RUNPATH_SEARCH_PATHS = (
					"$(inherited)",
					"@executable_path/Frameworks",
				);
				LIBRARY_SEARCH_PATHS = (
					"$(inherited)",
					"$(PROJECT_DIR)/SDKExport",
					"$(PROJECT_DIR)/iPhoneOS",
					"$(PROJECT_DIR)",
					"$(PROJECT_DIR)/iPhoneOS.sdk/SuperMap.framework/Versions/A/Resources/ThirdLib",
				);
				"LIBRARY_SEARCH_PATHS[sdk=iphoneos*]" = (
					"$(inherited)",
					"$(PROJECT_DIR)/SDKExport",
					"$(PROJECT_DIR)/iPhoneOS",
					"$(SRCROOT)/iTablet",
					"$(PROJECT_DIR)/iPhoneOS.sdk/SuperMap.framework/Versions/A/Resources/ThirdLib",
				);
				"LIBRARY_SEARCH_PATHS[sdk=iphonesimulator*]" = (
					"$(inherited)",
					"$(PROJECT_DIR)/SDKExport",
					"$(SRCROOT)/iTablet",
					"$(PROJECT_DIR)/iPhoneSimulator",
					"$(PROJECT_DIR)/iPhoneOS.sdk/SuperMap.framework/Versions/A/Resources/ThirdLib",
				);
				MARKETING_VERSION = 11.0.2;
				ONLY_ACTIVE_ARCH = YES;
				OTHER_CFLAGS = (
					"$(inherited)",
					"-fmodule-map-file=\"${PODS_CONFIGURATION_BUILD_DIR}/VisionCamera/VisionCamera.modulemap\"",
					"-fmodule-map-file=\"${PODS_CONFIGURATION_BUILD_DIR}/YogaKit/YogaKit.modulemap\"",
					"-fmodule-map-file=\"${PODS_CONFIGURATION_BUILD_DIR}/vision-camera-dynamsoft-barcode-reader/vision_camera_dynamsoft_barcode_reader.modulemap\"",
					"-fmodule-map-file=\"${PODS_ROOT}/Headers/Public/FlipperKit/FlipperKit.modulemap\"",
					"-fmodule-map-file=\"${PODS_ROOT}/Headers/Public/React/React-Core.modulemap\"",
					"-fmodule-map-file=\"${PODS_ROOT}/Headers/Public/yoga/Yoga.modulemap\"",
					"-DFOLLY_NO_CONFIG",
					"-DFOLLY_MOBILE=1",
					"-DFOLLY_USE_LIBCPP=1",
					"-DRNVERSION=67",
				);
				OTHER_CODE_SIGN_FLAGS = "--generate-entitlement-der";
				OTHER_LDFLAGS = (
					"$(inherited)",
					"-ObjC",
					"-lc++",
				);
				PRODUCT_BUNDLE_IDENTIFIER = com.supermap.iTablet;
				PRODUCT_NAME = "SuperMap iTablet";
				SWIFT_OBJC_BRIDGING_HEADER = "iTablet-Bridging-Header.h";
				SWIFT_OPTIMIZATION_LEVEL = "-Onone";
				SWIFT_VERSION = 5.0;
				TARGETED_DEVICE_FAMILY = "1,2";
				VERSIONING_SYSTEM = "apple-generic";
			};
			name = Debug;
		};
		13B07F951A680F5B00A75B9A /* Release */ = {
			isa = XCBuildConfiguration;
			baseConfigurationReference = 06FACE8019E26F0904A7ACC2 /* Pods-iTablet.release.xcconfig */;
			buildSettings = {
				ASSETCATALOG_COMPILER_APPICON_NAME = AppIcon;
				ASSETCATALOG_COMPILER_LAUNCHIMAGE_NAME = LaunchImage;
				CLANG_ENABLE_MODULES = YES;
				CLANG_WARN_QUOTED_INCLUDE_IN_FRAMEWORK_HEADER = YES;
				"CODE_SIGN_IDENTITY[sdk=iphoneos*]" = "Apple Development";
				CURRENT_PROJECT_VERSION = 1;
				DEVELOPMENT_TEAM = URZW253WPZ;
				ENABLE_BITCODE = NO;
				FRAMEWORK_SEARCH_PATHS = (
					"$(inherited)",
					"$(PROJECT_DIR)/iPhoneOS.sdk",
					"$(PROJECT_DIR)",
				);
				"FRAMEWORK_SEARCH_PATHS[sdk=iphoneos*]" = (
					"$(inherited)",
					"$(PROJECT_DIR)/iPhoneOS.sdk",
					"$(PROJECT_DIR)",
				);
				"FRAMEWORK_SEARCH_PATHS[sdk=iphonesimulator*]" = (
					"$(inherited)",
					"$(PROJECT_DIR)/iPhoneOS.sdk",
					"$(PROJECT_DIR)",
				);
				GCC_OPTIMIZATION_LEVEL = 0;
				HEADER_SEARCH_PATHS = (
					"$(inherited)",
					"\"${PODS_ROOT}/Headers/Public\"",
					"\"${PODS_ROOT}/Headers/Public/CocoaAsyncSocket\"",
					"\"${PODS_ROOT}/Headers/Public/DoubleConversion\"",
					"\"${PODS_ROOT}/Headers/Public/FBLazyVector\"",
					"\"${PODS_ROOT}/Headers/Public/FBReactNativeSpec\"",
					"\"${PODS_ROOT}/Headers/Public/Flipper\"",
					"\"${PODS_ROOT}/Headers/Public/Flipper-Fmt\"",
					"\"${PODS_ROOT}/Headers/Public/Flipper-Folly\"",
					"\"${PODS_ROOT}/Headers/Public/Flipper-Glog\"",
					"\"${PODS_ROOT}/Headers/Public/Flipper-PeerTalk\"",
					"\"${PODS_ROOT}/Headers/Public/Flipper-RSocket\"",
					"\"${PODS_ROOT}/Headers/Public/FlipperKit\"",
					"\"${PODS_ROOT}/Headers/Public/JCore\"",
					"\"${PODS_ROOT}/Headers/Public/JPush\"",
					"\"${PODS_ROOT}/Headers/Public/RCT-Folly\"",
					"\"${PODS_ROOT}/Headers/Public/RCTRequired\"",
					"\"${PODS_ROOT}/Headers/Public/RCTTypeSafety\"",
					"\"${PODS_ROOT}/Headers/Public/RNCAsyncStorage\"",
					"\"${PODS_ROOT}/Headers/Public/RNGestureHandler\"",
					"\"${PODS_ROOT}/Headers/Public/RNSVG\"",
					"\"${PODS_ROOT}/Headers/Public/RNScreens\"",
					"\"${PODS_ROOT}/Headers/Public/React-Core\"",
					"\"${PODS_ROOT}/Headers/Public/React-RCTBlob\"",
					"\"${PODS_ROOT}/Headers/Public/React-RCTText\"",
					"\"${PODS_ROOT}/Headers/Public/React-callinvoker\"",
					"\"${PODS_ROOT}/Headers/Public/React-cxxreact\"",
					"\"${PODS_ROOT}/Headers/Public/React-jsi\"",
					"\"${PODS_ROOT}/Headers/Public/React-jsiexecutor\"",
					"\"${PODS_ROOT}/Headers/Public/React-jsinspector\"",
					"\"${PODS_ROOT}/Headers/Public/React-logger\"",
					"\"${PODS_ROOT}/Headers/Public/React-perflogger\"",
					"\"${PODS_ROOT}/Headers/Public/React-runtimeexecutor\"",
					"\"${PODS_ROOT}/Headers/Public/ReactCommon\"",
					"\"${PODS_ROOT}/Headers/Public/ReactNativeART\"",
					"\"${PODS_ROOT}/Headers/Public/VisionCamera\"",
					"\"${PODS_ROOT}/Headers/Public/Yoga\"",
					"\"${PODS_ROOT}/Headers/Public/YogaKit\"",
					"\"${PODS_ROOT}/Headers/Public/fmt\"",
					"\"${PODS_ROOT}/Headers/Public/glog\"",
					"\"${PODS_ROOT}/Headers/Public/libevent\"",
					"\"${PODS_ROOT}/Headers/Public/react-native-background-timer\"",
					"\"${PODS_ROOT}/Headers/Public/react-native-cameraroll\"",
					"\"${PODS_ROOT}/Headers/Public/react-native-contacts\"",
					"\"${PODS_ROOT}/Headers/Public/react-native-cookies\"",
					"\"${PODS_ROOT}/Headers/Public/react-native-image-resizer\"",
					"\"${PODS_ROOT}/Headers/Public/react-native-netinfo\"",
					"\"${PODS_ROOT}/Headers/Public/react-native-orientation\"",
					"\"${PODS_ROOT}/Headers/Public/react-native-pager-view\"",
					"\"${PODS_ROOT}/Headers/Public/react-native-safe-area-context\"",
					"\"${PODS_ROOT}/Headers/Public/react-native-video\"",
					"\"${PODS_ROOT}/Headers/Public/react-native-webview\"",
					"\"${PODS_ROOT}/Headers/Public/rn-fetch-blob\"",
					"\"$(PODS_ROOT)/DoubleConversion\"",
					"\"$(PODS_ROOT)/boost\"",
					"\"$(PODS_ROOT)/Headers/Private/React-Core\"",
					"\"$(PODS_ROOT)/boost\"",
					"\"$(PODS_ROOT)/boost-for-react-native\"",
					"\"$(PODS_ROOT)/glog\"",
					"\"$(PODS_ROOT)/RCT-Folly\"",
					"\"${PODS_ROOT}/Headers/Public/React-hermes\"",
					"\"${PODS_ROOT}/Headers/Public/hermes-engine\"",
					"\"$(PODS_TARGET_SRCROOT)/include/\"",
					"\"$(SRCROOT)/../node_modules/imobile_for_reactnative/ios\"/**",
				);
				INFOPLIST_FILE = iTablet/Info.plist;
				LD_RUNPATH_SEARCH_PATHS = (
					"$(inherited)",
					"@executable_path/Frameworks",
				);
				LIBRARY_SEARCH_PATHS = (
					"$(inherited)",
					"$(PROJECT_DIR)/SDKExport",
					"$(PROJECT_DIR)/iPhoneOS",
					"$(PROJECT_DIR)/iPhoneOS.sdk/SuperMap.framework/Versions/A/Resources/ThirdLib",
					"$(PROJECT_DIR)",
				);
				"LIBRARY_SEARCH_PATHS[sdk=iphoneos*]" = (
					"$(inherited)",
					"$(PROJECT_DIR)/SDKExport",
					"$(PROJECT_DIR)/iPhoneOS",
					"$(PROJECT_DIR)",
					"$(SRCROOT)/iTablet",
					"$(PROJECT_DIR)/iPhoneOS.sdk/SuperMap.framework/Versions/A/Resources/ThirdLib",
					"$(PROJECT_DIR)/SDKExport/",
				);
				"LIBRARY_SEARCH_PATHS[sdk=iphonesimulator*]" = (
					"$(inherited)",
					"$(PROJECT_DIR)/SDKExport",
					"$(PROJECT_DIR)",
					"$(PROJECT_DIR)/iPhoneSimulator",
					"$(SRCROOT)/iTablet",
					"$(PROJECT_DIR)/iPhoneOS.sdk/SuperMap.framework/Versions/A/Resources/ThirdLib",
				);
				MARKETING_VERSION = 11.0.2;
				ONLY_ACTIVE_ARCH = YES;
				OTHER_CFLAGS = (
					"$(inherited)",
					"-fmodule-map-file=\"${PODS_CONFIGURATION_BUILD_DIR}/VisionCamera/VisionCamera.modulemap\"",
					"-fmodule-map-file=\"${PODS_CONFIGURATION_BUILD_DIR}/YogaKit/YogaKit.modulemap\"",
					"-fmodule-map-file=\"${PODS_CONFIGURATION_BUILD_DIR}/vision-camera-dynamsoft-barcode-reader/vision_camera_dynamsoft_barcode_reader.modulemap\"",
					"-fmodule-map-file=\"${PODS_ROOT}/Headers/Public/React/React-Core.modulemap\"",
					"-fmodule-map-file=\"${PODS_ROOT}/Headers/Public/yoga/Yoga.modulemap\"",
					"-DFOLLY_NO_CONFIG",
					"-DFOLLY_MOBILE=1",
					"-DFOLLY_USE_LIBCPP=1",
					"-DRNVERSION=67",
				);
				OTHER_CODE_SIGN_FLAGS = "--generate-entitlement-der";
				OTHER_LDFLAGS = (
					"$(inherited)",
					"-ObjC",
					"-lc++",
				);
				PRODUCT_BUNDLE_IDENTIFIER = com.supermap.iTablet;
				PRODUCT_NAME = "SuperMap iTablet";
				SWIFT_OBJC_BRIDGING_HEADER = "iTablet-Bridging-Header.h";
				SWIFT_VERSION = 5.0;
				TARGETED_DEVICE_FAMILY = "1,2";
				VERSIONING_SYSTEM = "apple-generic";
			};
			name = Release;
		};
		83CBBA201A601CBA00E9B192 /* Debug */ = {
			isa = XCBuildConfiguration;
			buildSettings = {
				ALWAYS_SEARCH_USER_PATHS = NO;
				CLANG_ANALYZER_LOCALIZABILITY_NONLOCALIZED = YES;
				CLANG_CXX_LANGUAGE_STANDARD = "gnu++0x";
				CLANG_CXX_LIBRARY = "libc++";
				CLANG_ENABLE_MODULES = YES;
				CLANG_ENABLE_OBJC_ARC = YES;
				CLANG_WARN_BLOCK_CAPTURE_AUTORELEASING = YES;
				CLANG_WARN_BOOL_CONVERSION = YES;
				CLANG_WARN_COMMA = YES;
				CLANG_WARN_CONSTANT_CONVERSION = YES;
				CLANG_WARN_DEPRECATED_OBJC_IMPLEMENTATIONS = YES;
				CLANG_WARN_DIRECT_OBJC_ISA_USAGE = YES_ERROR;
				CLANG_WARN_EMPTY_BODY = YES;
				CLANG_WARN_ENUM_CONVERSION = YES;
				CLANG_WARN_INFINITE_RECURSION = YES;
				CLANG_WARN_INT_CONVERSION = YES;
				CLANG_WARN_NON_LITERAL_NULL_CONVERSION = YES;
				CLANG_WARN_OBJC_IMPLICIT_RETAIN_SELF = YES;
				CLANG_WARN_OBJC_LITERAL_CONVERSION = YES;
				CLANG_WARN_OBJC_ROOT_CLASS = YES_ERROR;
				CLANG_WARN_QUOTED_INCLUDE_IN_FRAMEWORK_HEADER = YES;
				CLANG_WARN_RANGE_LOOP_ANALYSIS = YES;
				CLANG_WARN_STRICT_PROTOTYPES = YES;
				CLANG_WARN_SUSPICIOUS_MOVE = YES;
				CLANG_WARN_UNREACHABLE_CODE = YES;
				CLANG_WARN__DUPLICATE_METHOD_MATCH = YES;
				"CODE_SIGN_IDENTITY[sdk=iphoneos*]" = "iPhone Developer";
				COPY_PHASE_STRIP = NO;
				ENABLE_STRICT_OBJC_MSGSEND = YES;
				ENABLE_TESTABILITY = YES;
				"EXCLUDED_ARCHS[sdk=iphonesimulator*]" = "";
				GCC_C_LANGUAGE_STANDARD = gnu99;
				GCC_DYNAMIC_NO_PIC = NO;
				GCC_NO_COMMON_BLOCKS = YES;
				GCC_OPTIMIZATION_LEVEL = 0;
				GCC_PREPROCESSOR_DEFINITIONS = (
					"DEBUG=1",
					"$(inherited)",
				);
				GCC_SYMBOLS_PRIVATE_EXTERN = NO;
				GCC_WARN_64_TO_32_BIT_CONVERSION = YES;
				GCC_WARN_ABOUT_RETURN_TYPE = YES_ERROR;
				GCC_WARN_UNDECLARED_SELECTOR = YES;
				GCC_WARN_UNINITIALIZED_AUTOS = YES_AGGRESSIVE;
				GCC_WARN_UNUSED_FUNCTION = YES;
				GCC_WARN_UNUSED_VARIABLE = YES;
				IPHONEOS_DEPLOYMENT_TARGET = 11.0;
				LD_RUNPATH_SEARCH_PATHS = (
					/usr/lib/swift,
					"$(inherited)",
				);
				LIBRARY_SEARCH_PATHS = (
					"\"$(SDKROOT)/usr/lib/swift\"",
					"\"$(TOOLCHAIN_DIR)/usr/lib/swift/$(PLATFORM_NAME)\"",
					"\"$(inherited)\"",
				);
				MTL_ENABLE_DEBUG_INFO = YES;
				ONLY_ACTIVE_ARCH = YES;
				SDKROOT = iphoneos;
			};
			name = Debug;
		};
		83CBBA211A601CBA00E9B192 /* Release */ = {
			isa = XCBuildConfiguration;
			buildSettings = {
				ALWAYS_SEARCH_USER_PATHS = NO;
				CLANG_ANALYZER_LOCALIZABILITY_NONLOCALIZED = YES;
				CLANG_CXX_LANGUAGE_STANDARD = "gnu++0x";
				CLANG_CXX_LIBRARY = "libc++";
				CLANG_ENABLE_MODULES = YES;
				CLANG_ENABLE_OBJC_ARC = YES;
				CLANG_WARN_BLOCK_CAPTURE_AUTORELEASING = YES;
				CLANG_WARN_BOOL_CONVERSION = YES;
				CLANG_WARN_COMMA = YES;
				CLANG_WARN_CONSTANT_CONVERSION = YES;
				CLANG_WARN_DEPRECATED_OBJC_IMPLEMENTATIONS = YES;
				CLANG_WARN_DIRECT_OBJC_ISA_USAGE = YES_ERROR;
				CLANG_WARN_EMPTY_BODY = YES;
				CLANG_WARN_ENUM_CONVERSION = YES;
				CLANG_WARN_INFINITE_RECURSION = YES;
				CLANG_WARN_INT_CONVERSION = YES;
				CLANG_WARN_NON_LITERAL_NULL_CONVERSION = YES;
				CLANG_WARN_OBJC_IMPLICIT_RETAIN_SELF = YES;
				CLANG_WARN_OBJC_LITERAL_CONVERSION = YES;
				CLANG_WARN_OBJC_ROOT_CLASS = YES_ERROR;
				CLANG_WARN_QUOTED_INCLUDE_IN_FRAMEWORK_HEADER = YES;
				CLANG_WARN_RANGE_LOOP_ANALYSIS = YES;
				CLANG_WARN_STRICT_PROTOTYPES = YES;
				CLANG_WARN_SUSPICIOUS_MOVE = YES;
				CLANG_WARN_UNREACHABLE_CODE = YES;
				CLANG_WARN__DUPLICATE_METHOD_MATCH = YES;
				"CODE_SIGN_IDENTITY[sdk=iphoneos*]" = "iPhone Developer";
				COPY_PHASE_STRIP = YES;
				ENABLE_NS_ASSERTIONS = NO;
				ENABLE_STRICT_OBJC_MSGSEND = YES;
				"EXCLUDED_ARCHS[sdk=iphonesimulator*]" = "";
				GCC_C_LANGUAGE_STANDARD = gnu99;
				GCC_NO_COMMON_BLOCKS = YES;
				GCC_WARN_64_TO_32_BIT_CONVERSION = YES;
				GCC_WARN_ABOUT_RETURN_TYPE = YES_ERROR;
				GCC_WARN_UNDECLARED_SELECTOR = YES;
				GCC_WARN_UNINITIALIZED_AUTOS = YES_AGGRESSIVE;
				GCC_WARN_UNUSED_FUNCTION = YES;
				GCC_WARN_UNUSED_VARIABLE = YES;
				IPHONEOS_DEPLOYMENT_TARGET = 11.0;
				LD_RUNPATH_SEARCH_PATHS = (
					/usr/lib/swift,
					"$(inherited)",
				);
				LIBRARY_SEARCH_PATHS = (
					"\"$(SDKROOT)/usr/lib/swift\"",
					"\"$(TOOLCHAIN_DIR)/usr/lib/swift/$(PLATFORM_NAME)\"",
					"\"$(inherited)\"",
				);
				MTL_ENABLE_DEBUG_INFO = NO;
				SDKROOT = iphoneos;
				VALIDATE_PRODUCT = YES;
			};
			name = Release;
		};
/* End XCBuildConfiguration section */

/* Begin XCConfigurationList section */
		00E357021AD99517003FC87E /* Build configuration list for PBXNativeTarget "iTabletTests" */ = {
			isa = XCConfigurationList;
			buildConfigurations = (
				00E356F61AD99517003FC87E /* Debug */,
				00E356F71AD99517003FC87E /* Release */,
			);
			defaultConfigurationIsVisible = 0;
			defaultConfigurationName = Release;
		};
		13B07F931A680F5B00A75B9A /* Build configuration list for PBXNativeTarget "iTablet" */ = {
			isa = XCConfigurationList;
			buildConfigurations = (
				13B07F941A680F5B00A75B9A /* Debug */,
				13B07F951A680F5B00A75B9A /* Release */,
			);
			defaultConfigurationIsVisible = 0;
			defaultConfigurationName = Release;
		};
		83CBB9FA1A601CBA00E9B192 /* Build configuration list for PBXProject "iTablet" */ = {
			isa = XCConfigurationList;
			buildConfigurations = (
				83CBBA201A601CBA00E9B192 /* Debug */,
				83CBBA211A601CBA00E9B192 /* Release */,
			);
			defaultConfigurationIsVisible = 0;
			defaultConfigurationName = Release;
		};
/* End XCConfigurationList section */
	};
	rootObject = 83CBB9F71A601CBA00E9B192 /* Project object */;
}
